PODS:
  - OpenSSL-Universal (1.0.1.20)
  - ProtocolBuffers-Swift (3.0.16)
  - Starscream (1.1.3)
  - themis (0.9.4):
    - OpenSSL-Universal (= 1.0.1.20)
    - themis/core (= 0.9.4)
    - themis/objcwrapper (= 0.9.4)
  - themis/core (0.9.4):
    - OpenSSL-Universal (= 1.0.1.20)
  - themis/objcwrapper (0.9.4):
    - OpenSSL-Universal (= 1.0.1.20)
    - themis/core

DEPENDENCIES:
  - ProtocolBuffers-Swift
  - Starscream (from `https://github.com/daltoniam/Starscream`, branch `swift3`)
  - themis (from `https://raw.githubusercontent.com/cossacklabs/themis/master/themis.podspec`)

EXTERNAL SOURCES:
  Starscream:
    :branch: swift3
    :git: https://github.com/daltoniam/Starscream
  themis:
    :podspec: https://raw.githubusercontent.com/cossacklabs/themis/master/themis.podspec

CHECKOUT OPTIONS:
  Starscream:
    :commit: b1472f2a99a747ffda35c43ac4eb58b73c59722a
    :git: https://github.com/daltoniam/Starscream

SPEC CHECKSUMS:
  OpenSSL-Universal: 71f2c4b2ae758e2218090f905e95ca0ac5c01be7
  ProtocolBuffers-Swift: cba3f101c408355bb2a426c8d14c63cf2de3f567
  Starscream: d662732354b40dd19ed1ece3e3c44c80b536b83c
  themis: 1cf1e1caaea7286cf4eeb9e4da1a7a16a5cb4a31

PODFILE CHECKSUM: bea53c7c83a0fd9e19f4cbb4cc0514d0359319d1

COCOAPODS: 1.2.1
