PODS:
  - ProtocolBuffers-Swift (3.0.16)
  - Starscream (1.1.3)

DEPENDENCIES:
  - ProtocolBuffers-Swift
  - Starscream (from `https://github.com/daltoniam/Starscream`, branch `swift3`)

EXTERNAL SOURCES:
  Starscream:
    :branch: swift3
    :git: https://github.com/daltoniam/Starscream

CHECKOUT OPTIONS:
  Starscream:
    :commit: b1472f2a99a747ffda35c43ac4eb58b73c59722a
    :git: https://github.com/daltoniam/Starscream

SPEC CHECKSUMS:
  ProtocolBuffers-Swift: cba3f101c408355bb2a426c8d14c63cf2de3f567
  Starscream: d662732354b40dd19ed1ece3e3c44c80b536b83c

PODFILE CHECKSUM: c784272884cf9110f46ebdb716093d2ba3d438b9

COCOAPODS: 1.2.1
