// !$*UTF8*$!
{
	archiveVersion = 1;
	classes = {
	};
	objectVersion = 46;
	objects = {

/* Begin PBXBuildFile section */
		1ADE89E51EA1CE0E00E41212 /* AppDelegate.swift in Sources */ = {isa = PBXBuildFile; fileRef = 1ADE89E41EA1CE0E00E41212 /* AppDelegate.swift */; };
		1ADE89E91EA1CE0E00E41212 /* Assets.xcassets in Resources */ = {isa = PBXBuildFile; fileRef = 1ADE89E81EA1CE0E00E41212 /* Assets.xcassets */; };
		1ADE89EC1EA1CE0E00E41212 /* Main.storyboard in Resources */ = {isa = PBXBuildFile; fileRef = 1ADE89EA1EA1CE0E00E41212 /* Main.storyboard */; };
		821F4CC51EDE6E6500FA923D /* SplitViewController.swift in Sources */ = {isa = PBXBuildFile; fileRef = 821F4CC41EDE6E6500FA923D /* SplitViewController.swift */; };
		821F4CC91EDEB3A100FA923D /* Dispatch.swift in Sources */ = {isa = PBXBuildFile; fileRef = 821F4CC81EDEB3A100FA923D /* Dispatch.swift */; };
		821F4CCD1EE00D2800FA923D /* CoreAudio.swift in Sources */ = {isa = PBXBuildFile; fileRef = 821F4CCC1EE00D2800FA923D /* CoreAudio.swift */; };
		8221F0901EE15F7400FE253A /* ChatViewController.swift in Sources */ = {isa = PBXBuildFile; fileRef = 8221F08F1EE15F7400FE253A /* ChatViewController.swift */; };
		827C520B1EE0732F00340D56 /* Pool.swift in Sources */ = {isa = PBXBuildFile; fileRef = 827C520A1EE0732F00340D56 /* Pool.swift */; };
		829A0E8D1EDC1DB800FEC353 /* Backend.swift in Sources */ = {isa = PBXBuildFile; fileRef = 829A0E7B1EDC1DB800FEC353 /* Backend.swift */; };
		829A0E8E1EDC1DB800FEC353 /* AudioInput.swift in Sources */ = {isa = PBXBuildFile; fileRef = 829A0E7D1EDC1DB800FEC353 /* AudioInput.swift */; };
		829A0E8F1EDC1DB800FEC353 /* AudioOutput.swift in Sources */ = {isa = PBXBuildFile; fileRef = 829A0E7E1EDC1DB800FEC353 /* AudioOutput.swift */; };
		829A0E901EDC1DB800FEC353 /* IO.swift in Sources */ = {isa = PBXBuildFile; fileRef = 829A0E7F1EDC1DB800FEC353 /* IO.swift */; };
		829A0E911EDC1DB800FEC353 /* VideoDecoderH264.swift in Sources */ = {isa = PBXBuildFile; fileRef = 829A0E801EDC1DB800FEC353 /* VideoDecoderH264.swift */; };
		829A0E921EDC1DB800FEC353 /* VideoEncoderH264.swift in Sources */ = {isa = PBXBuildFile; fileRef = 829A0E811EDC1DB800FEC353 /* VideoEncoderH264.swift */; };
		829A0E931EDC1DB800FEC353 /* VideoInput.swift in Sources */ = {isa = PBXBuildFile; fileRef = 829A0E821EDC1DB800FEC353 /* VideoInput.swift */; };
		829A0E941EDC1DB800FEC353 /* Model.swift in Sources */ = {isa = PBXBuildFile; fileRef = 829A0E831EDC1DB800FEC353 /* Model.swift */; };
		829A0E951EDC1DB800FEC353 /* Network.swift in Sources */ = {isa = PBXBuildFile; fileRef = 829A0E851EDC1DB800FEC353 /* Network.swift */; };
		829A0E961EDC1DB800FEC353 /* NetworkAAC.swift in Sources */ = {isa = PBXBuildFile; fileRef = 829A0E861EDC1DB800FEC353 /* NetworkAAC.swift */; };
		829A0E971EDC1DB800FEC353 /* NetworkH264.swift in Sources */ = {isa = PBXBuildFile; fileRef = 829A0E871EDC1DB800FEC353 /* NetworkH264.swift */; };
		829A0E981EDC1DB800FEC353 /* AVFoundation.swift in Sources */ = {isa = PBXBuildFile; fileRef = 829A0E891EDC1DB800FEC353 /* AVFoundation.swift */; };
		829A0E991EDC1DB800FEC353 /* CoreMedia.swift in Sources */ = {isa = PBXBuildFile; fileRef = 829A0E8A1EDC1DB800FEC353 /* CoreMedia.swift */; };
		829A0E9A1EDC1DB800FEC353 /* Log.swift in Sources */ = {isa = PBXBuildFile; fileRef = 829A0E8B1EDC1DB800FEC353 /* Log.swift */; };
		829A0E9B1EDC1DB800FEC353 /* Wire.proto.swift in Sources */ = {isa = PBXBuildFile; fileRef = 829A0E8C1EDC1DB800FEC353 /* Wire.proto.swift */; };
		829A0EA51EDC209A00FEC353 /* ContactsViewController.swift in Sources */ = {isa = PBXBuildFile; fileRef = 829A0EA21EDC209A00FEC353 /* ContactsViewController.swift */; };
		829A0EA61EDC209A00FEC353 /* TextViewController.swift in Sources */ = {isa = PBXBuildFile; fileRef = 829A0EA31EDC209A00FEC353 /* TextViewController.swift */; };
		829A0EA71EDC209A00FEC353 /* VideoViewController.swift in Sources */ = {isa = PBXBuildFile; fileRef = 829A0EA41EDC209A00FEC353 /* VideoViewController.swift */; };
		829A0EB11EDD2CC000FEC353 /* UI.swift in Sources */ = {isa = PBXBuildFile; fileRef = 829A0EB01EDD2CC000FEC353 /* UI.swift */; };
		829A0EB81EDD54C800FEC353 /* Audio.swift in Sources */ = {isa = PBXBuildFile; fileRef = 829A0EB61EDD54C800FEC353 /* Audio.swift */; };
		829A0EB91EDD54C800FEC353 /* Video.swift in Sources */ = {isa = PBXBuildFile; fileRef = 829A0EB71EDD54C800FEC353 /* Video.swift */; };
		829A0EBB1EDD6EED00FEC353 /* Foundation.swift in Sources */ = {isa = PBXBuildFile; fileRef = 829A0EBA1EDD6EED00FEC353 /* Foundation.swift */; };
		829A0EBF1EDD784E00FEC353 /* AV.swift in Sources */ = {isa = PBXBuildFile; fileRef = 829A0EBE1EDD784E00FEC353 /* AV.swift */; };
		D4C11B8E12CA4AE1016CA052 /* Pods_Chat.framework in Frameworks */ = {isa = PBXBuildFile; fileRef = F3DC7F985F75CB41DAED56C7 /* Pods_Chat.framework */; };
/* End PBXBuildFile section */

/* Begin PBXFileReference section */
		1ADE89E11EA1CE0E00E41212 /* Chat.app */ = {isa = PBXFileReference; explicitFileType = wrapper.application; includeInIndex = 0; path = Chat.app; sourceTree = BUILT_PRODUCTS_DIR; };
		1ADE89E41EA1CE0E00E41212 /* AppDelegate.swift */ = {isa = PBXFileReference; lastKnownFileType = sourcecode.swift; path = AppDelegate.swift; sourceTree = "<group>"; };
		1ADE89E81EA1CE0E00E41212 /* Assets.xcassets */ = {isa = PBXFileReference; lastKnownFileType = folder.assetcatalog; path = Assets.xcassets; sourceTree = "<group>"; };
		1ADE89EB1EA1CE0E00E41212 /* Base */ = {isa = PBXFileReference; lastKnownFileType = file.storyboard; name = Base; path = Base.lproj/Main.storyboard; sourceTree = "<group>"; };
		1ADE89ED1EA1CE0E00E41212 /* Info.plist */ = {isa = PBXFileReference; lastKnownFileType = text.plist.xml; path = Info.plist; sourceTree = "<group>"; };
		64A385B4166E340653D3B04C /* Pods-Chat.release.xcconfig */ = {isa = PBXFileReference; includeInIndex = 1; lastKnownFileType = text.xcconfig; name = "Pods-Chat.release.xcconfig"; path = "Pods/Target Support Files/Pods-Chat/Pods-Chat.release.xcconfig"; sourceTree = "<group>"; };
		821F4CC41EDE6E6500FA923D /* SplitViewController.swift */ = {isa = PBXFileReference; fileEncoding = 4; lastKnownFileType = sourcecode.swift; path = SplitViewController.swift; sourceTree = "<group>"; };
		821F4CC81EDEB3A100FA923D /* Dispatch.swift */ = {isa = PBXFileReference; fileEncoding = 4; lastKnownFileType = sourcecode.swift; path = Dispatch.swift; sourceTree = "<group>"; };
		821F4CCC1EE00D2800FA923D /* CoreAudio.swift */ = {isa = PBXFileReference; fileEncoding = 4; lastKnownFileType = sourcecode.swift; path = CoreAudio.swift; sourceTree = "<group>"; };
		8221F08F1EE15F7400FE253A /* ChatViewController.swift */ = {isa = PBXFileReference; fileEncoding = 4; lastKnownFileType = sourcecode.swift; path = ChatViewController.swift; sourceTree = "<group>"; };
		827C520A1EE0732F00340D56 /* Pool.swift */ = {isa = PBXFileReference; fileEncoding = 4; lastKnownFileType = sourcecode.swift; path = Pool.swift; sourceTree = "<group>"; };
		829A0E7B1EDC1DB800FEC353 /* Backend.swift */ = {isa = PBXFileReference; fileEncoding = 4; lastKnownFileType = sourcecode.swift; name = Backend.swift; path = ../Common/Backend.swift; sourceTree = "<group>"; };
		829A0E7D1EDC1DB800FEC353 /* AudioInput.swift */ = {isa = PBXFileReference; fileEncoding = 4; lastKnownFileType = sourcecode.swift; path = AudioInput.swift; sourceTree = "<group>"; };
		829A0E7E1EDC1DB800FEC353 /* AudioOutput.swift */ = {isa = PBXFileReference; fileEncoding = 4; lastKnownFileType = sourcecode.swift; path = AudioOutput.swift; sourceTree = "<group>"; };
		829A0E7F1EDC1DB800FEC353 /* IO.swift */ = {isa = PBXFileReference; fileEncoding = 4; lastKnownFileType = sourcecode.swift; path = IO.swift; sourceTree = "<group>"; };
		829A0E801EDC1DB800FEC353 /* VideoDecoderH264.swift */ = {isa = PBXFileReference; fileEncoding = 4; lastKnownFileType = sourcecode.swift; path = VideoDecoderH264.swift; sourceTree = "<group>"; };
		829A0E811EDC1DB800FEC353 /* VideoEncoderH264.swift */ = {isa = PBXFileReference; fileEncoding = 4; lastKnownFileType = sourcecode.swift; path = VideoEncoderH264.swift; sourceTree = "<group>"; };
		829A0E821EDC1DB800FEC353 /* VideoInput.swift */ = {isa = PBXFileReference; fileEncoding = 4; lastKnownFileType = sourcecode.swift; path = VideoInput.swift; sourceTree = "<group>"; };
		829A0E831EDC1DB800FEC353 /* Model.swift */ = {isa = PBXFileReference; fileEncoding = 4; lastKnownFileType = sourcecode.swift; name = Model.swift; path = ../Common/Model.swift; sourceTree = "<group>"; };
		829A0E851EDC1DB800FEC353 /* Network.swift */ = {isa = PBXFileReference; fileEncoding = 4; lastKnownFileType = sourcecode.swift; path = Network.swift; sourceTree = "<group>"; };
		829A0E861EDC1DB800FEC353 /* NetworkAAC.swift */ = {isa = PBXFileReference; fileEncoding = 4; lastKnownFileType = sourcecode.swift; path = NetworkAAC.swift; sourceTree = "<group>"; };
		829A0E871EDC1DB800FEC353 /* NetworkH264.swift */ = {isa = PBXFileReference; fileEncoding = 4; lastKnownFileType = sourcecode.swift; path = NetworkH264.swift; sourceTree = "<group>"; };
		829A0E891EDC1DB800FEC353 /* AVFoundation.swift */ = {isa = PBXFileReference; fileEncoding = 4; lastKnownFileType = sourcecode.swift; path = AVFoundation.swift; sourceTree = "<group>"; };
		829A0E8A1EDC1DB800FEC353 /* CoreMedia.swift */ = {isa = PBXFileReference; fileEncoding = 4; lastKnownFileType = sourcecode.swift; path = CoreMedia.swift; sourceTree = "<group>"; };
		829A0E8B1EDC1DB800FEC353 /* Log.swift */ = {isa = PBXFileReference; fileEncoding = 4; lastKnownFileType = sourcecode.swift; path = Log.swift; sourceTree = "<group>"; };
		829A0E8C1EDC1DB800FEC353 /* Wire.proto.swift */ = {isa = PBXFileReference; fileEncoding = 4; lastKnownFileType = sourcecode.swift; name = Wire.proto.swift; path = ../Common/Wire.proto.swift; sourceTree = "<group>"; };
		829A0EA21EDC209A00FEC353 /* ContactsViewController.swift */ = {isa = PBXFileReference; fileEncoding = 4; lastKnownFileType = sourcecode.swift; path = ContactsViewController.swift; sourceTree = "<group>"; };
		829A0EA31EDC209A00FEC353 /* TextViewController.swift */ = {isa = PBXFileReference; fileEncoding = 4; lastKnownFileType = sourcecode.swift; path = TextViewController.swift; sourceTree = "<group>"; };
		829A0EA41EDC209A00FEC353 /* VideoViewController.swift */ = {isa = PBXFileReference; fileEncoding = 4; lastKnownFileType = sourcecode.swift; path = VideoViewController.swift; sourceTree = "<group>"; };
		829A0EB01EDD2CC000FEC353 /* UI.swift */ = {isa = PBXFileReference; fileEncoding = 4; lastKnownFileType = sourcecode.swift; path = UI.swift; sourceTree = "<group>"; };
		829A0EB61EDD54C800FEC353 /* Audio.swift */ = {isa = PBXFileReference; fileEncoding = 4; lastKnownFileType = sourcecode.swift; path = Audio.swift; sourceTree = "<group>"; };
		829A0EB71EDD54C800FEC353 /* Video.swift */ = {isa = PBXFileReference; fileEncoding = 4; lastKnownFileType = sourcecode.swift; path = Video.swift; sourceTree = "<group>"; };
		829A0EBA1EDD6EED00FEC353 /* Foundation.swift */ = {isa = PBXFileReference; fileEncoding = 4; lastKnownFileType = sourcecode.swift; path = Foundation.swift; sourceTree = "<group>"; };
		829A0EBE1EDD784E00FEC353 /* AV.swift */ = {isa = PBXFileReference; fileEncoding = 4; lastKnownFileType = sourcecode.swift; name = AV.swift; path = ../Common/AV.swift; sourceTree = "<group>"; };
		931CB699F7145BBD7B223700 /* Pods-Chat.debug.xcconfig */ = {isa = PBXFileReference; includeInIndex = 1; lastKnownFileType = text.xcconfig; name = "Pods-Chat.debug.xcconfig"; path = "Pods/Target Support Files/Pods-Chat/Pods-Chat.debug.xcconfig"; sourceTree = "<group>"; };
		F3DC7F985F75CB41DAED56C7 /* Pods_Chat.framework */ = {isa = PBXFileReference; explicitFileType = wrapper.framework; includeInIndex = 0; path = Pods_Chat.framework; sourceTree = BUILT_PRODUCTS_DIR; };
/* End PBXFileReference section */

/* Begin PBXFrameworksBuildPhase section */
		1ADE89DE1EA1CE0E00E41212 /* Frameworks */ = {
			isa = PBXFrameworksBuildPhase;
			buildActionMask = 2147483647;
			files = (
				D4C11B8E12CA4AE1016CA052 /* Pods_Chat.framework in Frameworks */,
			);
			runOnlyForDeploymentPostprocessing = 0;
		};
/* End PBXFrameworksBuildPhase section */

/* Begin PBXGroup section */
		1ADE89D81EA1CE0E00E41212 = {
			isa = PBXGroup;
			children = (
				829A0E7A1EDC1D8E00FEC353 /* Lib */,
				1ADE89E31EA1CE0E00E41212 /* App */,
				1ADE89E21EA1CE0E00E41212 /* Products */,
				5FF55064E09D92E8A3AB6CB1 /* Pods */,
				485B0DEBAC60AE9E9504DBAB /* Frameworks */,
			);
			sourceTree = "<group>";
		};
		1ADE89E21EA1CE0E00E41212 /* Products */ = {
			isa = PBXGroup;
			children = (
				1ADE89E11EA1CE0E00E41212 /* Chat.app */,
			);
			name = Products;
			sourceTree = "<group>";
		};
		1ADE89E31EA1CE0E00E41212 /* App */ = {
			isa = PBXGroup;
			children = (
				829A0EA11EDC209A00FEC353 /* UI */,
				1ADE89ED1EA1CE0E00E41212 /* Info.plist */,
				1ADE89E81EA1CE0E00E41212 /* Assets.xcassets */,
				1ADE89EA1EA1CE0E00E41212 /* Main.storyboard */,
				1ADE89E41EA1CE0E00E41212 /* AppDelegate.swift */,
			);
			name = App;
			path = Chat;
			sourceTree = "<group>";
		};
		485B0DEBAC60AE9E9504DBAB /* Frameworks */ = {
			isa = PBXGroup;
			children = (
				F3DC7F985F75CB41DAED56C7 /* Pods_Chat.framework */,
			);
			name = Frameworks;
			sourceTree = "<group>";
		};
		5FF55064E09D92E8A3AB6CB1 /* Pods */ = {
			isa = PBXGroup;
			children = (
				931CB699F7145BBD7B223700 /* Pods-Chat.debug.xcconfig */,
				64A385B4166E340653D3B04C /* Pods-Chat.release.xcconfig */,
			);
			name = Pods;
			sourceTree = "<group>";
		};
		829A0E7A1EDC1D8E00FEC353 /* Lib */ = {
			isa = PBXGroup;
			children = (
				829A0E7C1EDC1DB800FEC353 /* IO */,
				829A0E841EDC1DB800FEC353 /* Network */,
				829A0E881EDC1DB800FEC353 /* Utils */,
				829A0E7B1EDC1DB800FEC353 /* Backend.swift */,
				829A0E831EDC1DB800FEC353 /* Model.swift */,
				829A0E8C1EDC1DB800FEC353 /* Wire.proto.swift */,
				829A0EBE1EDD784E00FEC353 /* AV.swift */,
			);
			name = Lib;
			sourceTree = "<group>";
		};
		829A0E7C1EDC1DB800FEC353 /* IO */ = {
			isa = PBXGroup;
			children = (
				829A0E7F1EDC1DB800FEC353 /* IO.swift */,
				829A0EB61EDD54C800FEC353 /* Audio.swift */,
				829A0E7D1EDC1DB800FEC353 /* AudioInput.swift */,
				829A0E7E1EDC1DB800FEC353 /* AudioOutput.swift */,
				829A0EB71EDD54C800FEC353 /* Video.swift */,
				829A0E821EDC1DB800FEC353 /* VideoInput.swift */,
				829A0E801EDC1DB800FEC353 /* VideoDecoderH264.swift */,
				829A0E811EDC1DB800FEC353 /* VideoEncoderH264.swift */,
				827C520A1EE0732F00340D56 /* Pool.swift */,
			);
			name = IO;
			path = ../Common/IO;
			sourceTree = "<group>";
		};
		829A0E841EDC1DB800FEC353 /* Network */ = {
			isa = PBXGroup;
			children = (
				829A0E851EDC1DB800FEC353 /* Network.swift */,
				829A0E861EDC1DB800FEC353 /* NetworkAAC.swift */,
				829A0E871EDC1DB800FEC353 /* NetworkH264.swift */,
			);
			name = Network;
			path = ../Common/Network;
			sourceTree = "<group>";
		};
		829A0E881EDC1DB800FEC353 /* Utils */ = {
			isa = PBXGroup;
			children = (
				821F4CC81EDEB3A100FA923D /* Dispatch.swift */,
				829A0EBA1EDD6EED00FEC353 /* Foundation.swift */,
				829A0E891EDC1DB800FEC353 /* AVFoundation.swift */,
				829A0E8A1EDC1DB800FEC353 /* CoreMedia.swift */,
				821F4CCC1EE00D2800FA923D /* CoreAudio.swift */,
				829A0EB01EDD2CC000FEC353 /* UI.swift */,
				829A0E8B1EDC1DB800FEC353 /* Log.swift */,
			);
			name = Utils;
			path = ../Common/Utils;
			sourceTree = "<group>";
		};
		829A0EA11EDC209A00FEC353 /* UI */ = {
			isa = PBXGroup;
			children = (
				829A0EA21EDC209A00FEC353 /* ContactsViewController.swift */,
				829A0EA31EDC209A00FEC353 /* TextViewController.swift */,
				829A0EA41EDC209A00FEC353 /* VideoViewController.swift */,
				821F4CC41EDE6E6500FA923D /* SplitViewController.swift */,
				8221F08F1EE15F7400FE253A /* ChatViewController.swift */,
			);
			path = UI;
			sourceTree = "<group>";
		};
/* End PBXGroup section */

/* Begin PBXNativeTarget section */
		1ADE89E01EA1CE0E00E41212 /* Chat */ = {
			isa = PBXNativeTarget;
			buildConfigurationList = 1ADE89F01EA1CE0E00E41212 /* Build configuration list for PBXNativeTarget "Chat" */;
			buildPhases = (
				215D68D2FA7D191041A67AB4 /* [CP] Check Pods Manifest.lock */,
				1ADE89DD1EA1CE0E00E41212 /* Sources */,
				1ADE89DE1EA1CE0E00E41212 /* Frameworks */,
				1ADE89DF1EA1CE0E00E41212 /* Resources */,
				DFA2681D469153D2783712E1 /* [CP] Embed Pods Frameworks */,
				7249A186023EE5BC9CB6E59F /* [CP] Copy Pods Resources */,
			);
			buildRules = (
			);
			dependencies = (
			);
			name = Chat;
			productName = Chat;
			productReference = 1ADE89E11EA1CE0E00E41212 /* Chat.app */;
			productType = "com.apple.product-type.application";
		};
/* End PBXNativeTarget section */

/* Begin PBXProject section */
		1ADE89D91EA1CE0E00E41212 /* Project object */ = {
			isa = PBXProject;
			attributes = {
				LastSwiftUpdateCheck = 0830;
				LastUpgradeCheck = 0830;
				ORGANIZATIONNAME = ys1382;
				TargetAttributes = {
					1ADE89E01EA1CE0E00E41212 = {
						CreatedOnToolsVersion = 8.3;
						ProvisioningStyle = Automatic;
					};
				};
			};
			buildConfigurationList = 1ADE89DC1EA1CE0E00E41212 /* Build configuration list for PBXProject "Chat" */;
			compatibilityVersion = "Xcode 3.2";
			developmentRegion = English;
			hasScannedForEncodings = 0;
			knownRegions = (
				en,
				Base,
			);
			mainGroup = 1ADE89D81EA1CE0E00E41212;
			productRefGroup = 1ADE89E21EA1CE0E00E41212 /* Products */;
			projectDirPath = "";
			projectRoot = "";
			targets = (
				1ADE89E01EA1CE0E00E41212 /* Chat */,
			);
		};
/* End PBXProject section */

/* Begin PBXResourcesBuildPhase section */
		1ADE89DF1EA1CE0E00E41212 /* Resources */ = {
			isa = PBXResourcesBuildPhase;
			buildActionMask = 2147483647;
			files = (
				1ADE89E91EA1CE0E00E41212 /* Assets.xcassets in Resources */,
				1ADE89EC1EA1CE0E00E41212 /* Main.storyboard in Resources */,
			);
			runOnlyForDeploymentPostprocessing = 0;
		};
/* End PBXResourcesBuildPhase section */

/* Begin PBXShellScriptBuildPhase section */
		215D68D2FA7D191041A67AB4 /* [CP] Check Pods Manifest.lock */ = {
			isa = PBXShellScriptBuildPhase;
			buildActionMask = 2147483647;
			files = (
			);
			inputPaths = (
			);
			name = "[CP] Check Pods Manifest.lock";
			outputPaths = (
			);
			runOnlyForDeploymentPostprocessing = 0;
			shellPath = /bin/sh;
			shellScript = "diff \"${PODS_PODFILE_DIR_PATH}/Podfile.lock\" \"${PODS_ROOT}/Manifest.lock\" > /dev/null\nif [ $? != 0 ] ; then\n    # print error to STDERR\n    echo \"error: The sandbox is not in sync with the Podfile.lock. Run 'pod install' or update your CocoaPods installation.\" >&2\n    exit 1\nfi\n";
			showEnvVarsInLog = 0;
		};
		7249A186023EE5BC9CB6E59F /* [CP] Copy Pods Resources */ = {
			isa = PBXShellScriptBuildPhase;
			buildActionMask = 2147483647;
			files = (
			);
			inputPaths = (
			);
			name = "[CP] Copy Pods Resources";
			outputPaths = (
			);
			runOnlyForDeploymentPostprocessing = 0;
			shellPath = /bin/sh;
			shellScript = "\"${SRCROOT}/Pods/Target Support Files/Pods-Chat/Pods-Chat-resources.sh\"\n";
			showEnvVarsInLog = 0;
		};
		DFA2681D469153D2783712E1 /* [CP] Embed Pods Frameworks */ = {
			isa = PBXShellScriptBuildPhase;
			buildActionMask = 2147483647;
			files = (
			);
			inputPaths = (
			);
			name = "[CP] Embed Pods Frameworks";
			outputPaths = (
			);
			runOnlyForDeploymentPostprocessing = 0;
			shellPath = /bin/sh;
			shellScript = "\"${SRCROOT}/Pods/Target Support Files/Pods-Chat/Pods-Chat-frameworks.sh\"\n";
			showEnvVarsInLog = 0;
		};
/* End PBXShellScriptBuildPhase section */

/* Begin PBXSourcesBuildPhase section */
		1ADE89DD1EA1CE0E00E41212 /* Sources */ = {
			isa = PBXSourcesBuildPhase;
			buildActionMask = 2147483647;
			files = (
				829A0E951EDC1DB800FEC353 /* Network.swift in Sources */,
				829A0E9A1EDC1DB800FEC353 /* Log.swift in Sources */,
				829A0EBF1EDD784E00FEC353 /* AV.swift in Sources */,
				829A0E911EDC1DB800FEC353 /* VideoDecoderH264.swift in Sources */,
				829A0EA61EDC209A00FEC353 /* TextViewController.swift in Sources */,
				829A0EA71EDC209A00FEC353 /* VideoViewController.swift in Sources */,
				829A0E961EDC1DB800FEC353 /* NetworkAAC.swift in Sources */,
				829A0EB81EDD54C800FEC353 /* Audio.swift in Sources */,
				829A0EBB1EDD6EED00FEC353 /* Foundation.swift in Sources */,
				829A0EB91EDD54C800FEC353 /* Video.swift in Sources */,
				829A0E971EDC1DB800FEC353 /* NetworkH264.swift in Sources */,
				829A0E941EDC1DB800FEC353 /* Model.swift in Sources */,
				1ADE89E51EA1CE0E00E41212 /* AppDelegate.swift in Sources */,
				8221F0901EE15F7400FE253A /* ChatViewController.swift in Sources */,
				829A0EA51EDC209A00FEC353 /* ContactsViewController.swift in Sources */,
				821F4CC51EDE6E6500FA923D /* SplitViewController.swift in Sources */,
				829A0E901EDC1DB800FEC353 /* IO.swift in Sources */,
				829A0E8E1EDC1DB800FEC353 /* AudioInput.swift in Sources */,
				829A0E9B1EDC1DB800FEC353 /* Wire.proto.swift in Sources */,
				829A0EB11EDD2CC000FEC353 /* UI.swift in Sources */,
				827C520B1EE0732F00340D56 /* Pool.swift in Sources */,
				829A0E981EDC1DB800FEC353 /* AVFoundation.swift in Sources */,
				829A0E8D1EDC1DB800FEC353 /* Backend.swift in Sources */,
				829A0E931EDC1DB800FEC353 /* VideoInput.swift in Sources */,
				829A0E991EDC1DB800FEC353 /* CoreMedia.swift in Sources */,
				829A0E921EDC1DB800FEC353 /* VideoEncoderH264.swift in Sources */,
				829A0E8F1EDC1DB800FEC353 /* AudioOutput.swift in Sources */,
				821F4CCD1EE00D2800FA923D /* CoreAudio.swift in Sources */,
				821F4CC91EDEB3A100FA923D /* Dispatch.swift in Sources */,
			);
			runOnlyForDeploymentPostprocessing = 0;
		};
/* End PBXSourcesBuildPhase section */

/* Begin PBXVariantGroup section */
		1ADE89EA1EA1CE0E00E41212 /* Main.storyboard */ = {
			isa = PBXVariantGroup;
			children = (
				1ADE89EB1EA1CE0E00E41212 /* Base */,
			);
			name = Main.storyboard;
			sourceTree = "<group>";
		};
/* End PBXVariantGroup section */

/* Begin XCBuildConfiguration section */
		1ADE89EE1EA1CE0E00E41212 /* Debug */ = {
			isa = XCBuildConfiguration;
			buildSettings = {
				ALWAYS_SEARCH_USER_PATHS = NO;
				CLANG_ANALYZER_NONNULL = YES;
				CLANG_ANALYZER_NUMBER_OBJECT_CONVERSION = YES_AGGRESSIVE;
				CLANG_CXX_LANGUAGE_STANDARD = "gnu++0x";
				CLANG_CXX_LIBRARY = "libc++";
				CLANG_ENABLE_MODULES = YES;
				CLANG_ENABLE_OBJC_ARC = YES;
				CLANG_WARN_BOOL_CONVERSION = YES;
				CLANG_WARN_CONSTANT_CONVERSION = YES;
				CLANG_WARN_DIRECT_OBJC_ISA_USAGE = YES_ERROR;
				CLANG_WARN_DOCUMENTATION_COMMENTS = YES;
				CLANG_WARN_EMPTY_BODY = YES;
				CLANG_WARN_ENUM_CONVERSION = YES;
				CLANG_WARN_INFINITE_RECURSION = YES;
				CLANG_WARN_INT_CONVERSION = YES;
				CLANG_WARN_OBJC_ROOT_CLASS = YES_ERROR;
				CLANG_WARN_SUSPICIOUS_MOVE = YES;
				CLANG_WARN_UNREACHABLE_CODE = YES;
				CLANG_WARN__DUPLICATE_METHOD_MATCH = YES;
				CODE_SIGN_IDENTITY = "-";
				COPY_PHASE_STRIP = NO;
				DEBUG_INFORMATION_FORMAT = dwarf;
				ENABLE_STRICT_OBJC_MSGSEND = YES;
				ENABLE_TESTABILITY = YES;
				GCC_C_LANGUAGE_STANDARD = gnu99;
				GCC_DYNAMIC_NO_PIC = NO;
				GCC_NO_COMMON_BLOCKS = YES;
				GCC_OPTIMIZATION_LEVEL = 0;
				GCC_PREPROCESSOR_DEFINITIONS = (
					"DEBUG=1",
					"$(inherited)",
				);
				GCC_WARN_64_TO_32_BIT_CONVERSION = YES;
				GCC_WARN_ABOUT_RETURN_TYPE = YES_ERROR;
				GCC_WARN_UNDECLARED_SELECTOR = YES;
				GCC_WARN_UNINITIALIZED_AUTOS = YES_AGGRESSIVE;
				GCC_WARN_UNUSED_FUNCTION = YES;
				GCC_WARN_UNUSED_VARIABLE = YES;
				MACOSX_DEPLOYMENT_TARGET = 10.12;
				MTL_ENABLE_DEBUG_INFO = YES;
				ONLY_ACTIVE_ARCH = YES;
				SDKROOT = macosx;
				SWIFT_ACTIVE_COMPILATION_CONDITIONS = DEBUG;
				SWIFT_OPTIMIZATION_LEVEL = "-Onone";
			};
			name = Debug;
		};
		1ADE89EF1EA1CE0E00E41212 /* Release */ = {
			isa = XCBuildConfiguration;
			buildSettings = {
				ALWAYS_SEARCH_USER_PATHS = NO;
				CLANG_ANALYZER_NONNULL = YES;
				CLANG_ANALYZER_NUMBER_OBJECT_CONVERSION = YES_AGGRESSIVE;
				CLANG_CXX_LANGUAGE_STANDARD = "gnu++0x";
				CLANG_CXX_LIBRARY = "libc++";
				CLANG_ENABLE_MODULES = YES;
				CLANG_ENABLE_OBJC_ARC = YES;
				CLANG_WARN_BOOL_CONVERSION = YES;
				CLANG_WARN_CONSTANT_CONVERSION = YES;
				CLANG_WARN_DIRECT_OBJC_ISA_USAGE = YES_ERROR;
				CLANG_WARN_DOCUMENTATION_COMMENTS = YES;
				CLANG_WARN_EMPTY_BODY = YES;
				CLANG_WARN_ENUM_CONVERSION = YES;
				CLANG_WARN_INFINITE_RECURSION = YES;
				CLANG_WARN_INT_CONVERSION = YES;
				CLANG_WARN_OBJC_ROOT_CLASS = YES_ERROR;
				CLANG_WARN_SUSPICIOUS_MOVE = YES;
				CLANG_WARN_UNREACHABLE_CODE = YES;
				CLANG_WARN__DUPLICATE_METHOD_MATCH = YES;
				CODE_SIGN_IDENTITY = "-";
				COPY_PHASE_STRIP = NO;
				DEBUG_INFORMATION_FORMAT = "dwarf-with-dsym";
				ENABLE_NS_ASSERTIONS = NO;
				ENABLE_STRICT_OBJC_MSGSEND = YES;
				GCC_C_LANGUAGE_STANDARD = gnu99;
				GCC_NO_COMMON_BLOCKS = YES;
				GCC_WARN_64_TO_32_BIT_CONVERSION = YES;
				GCC_WARN_ABOUT_RETURN_TYPE = YES_ERROR;
				GCC_WARN_UNDECLARED_SELECTOR = YES;
				GCC_WARN_UNINITIALIZED_AUTOS = YES_AGGRESSIVE;
				GCC_WARN_UNUSED_FUNCTION = YES;
				GCC_WARN_UNUSED_VARIABLE = YES;
				MACOSX_DEPLOYMENT_TARGET = 10.12;
				MTL_ENABLE_DEBUG_INFO = NO;
				SDKROOT = macosx;
				SWIFT_OPTIMIZATION_LEVEL = "-Owholemodule";
			};
			name = Release;
		};
		1ADE89F11EA1CE0E00E41212 /* Debug */ = {
			isa = XCBuildConfiguration;
			baseConfigurationReference = 931CB699F7145BBD7B223700 /* Pods-Chat.debug.xcconfig */;
			buildSettings = {
				ASSETCATALOG_COMPILER_APPICON_NAME = AppIcon;
				COMBINE_HIDPI_IMAGES = YES;
				INFOPLIST_FILE = Chat/Info.plist;
				LD_RUNPATH_SEARCH_PATHS = "$(inherited) @executable_path/../Frameworks";
				MACOSX_DEPLOYMENT_TARGET = 10.12;
				PRODUCT_BUNDLE_IDENTIFIER = ys1382.Chat;
				PRODUCT_NAME = "$(TARGET_NAME)";
				SWIFT_VERSION = 3.0;
			};
			name = Debug;
		};
		1ADE89F21EA1CE0E00E41212 /* Release */ = {
			isa = XCBuildConfiguration;
			baseConfigurationReference = 64A385B4166E340653D3B04C /* Pods-Chat.release.xcconfig */;
			buildSettings = {
				ASSETCATALOG_COMPILER_APPICON_NAME = AppIcon;
				COMBINE_HIDPI_IMAGES = YES;
				INFOPLIST_FILE = Chat/Info.plist;
				LD_RUNPATH_SEARCH_PATHS = "$(inherited) @executable_path/../Frameworks";
				MACOSX_DEPLOYMENT_TARGET = 10.12;
				PRODUCT_BUNDLE_IDENTIFIER = ys1382.Chat;
				PRODUCT_NAME = "$(TARGET_NAME)";
				SWIFT_VERSION = 3.0;
			};
			name = Release;
		};
/* End XCBuildConfiguration section */

/* Begin XCConfigurationList section */
		1ADE89DC1EA1CE0E00E41212 /* Build configuration list for PBXProject "Chat" */ = {
			isa = XCConfigurationList;
			buildConfigurations = (
				1ADE89EE1EA1CE0E00E41212 /* Debug */,
				1ADE89EF1EA1CE0E00E41212 /* Release */,
			);
			defaultConfigurationIsVisible = 0;
			defaultConfigurationName = Release;
		};
		1ADE89F01EA1CE0E00E41212 /* Build configuration list for PBXNativeTarget "Chat" */ = {
			isa = XCConfigurationList;
			buildConfigurations = (
				1ADE89F11EA1CE0E00E41212 /* Debug */,
				1ADE89F21EA1CE0E00E41212 /* Release */,
			);
			defaultConfigurationIsVisible = 0;
			defaultConfigurationName = Release;
		};
/* End XCConfigurationList section */
	};
	rootObject = 1ADE89D91EA1CE0E00E41212 /* Project object */;
}
