// !$*UTF8*$!
{
	archiveVersion = 1;
	classes = {
	};
	objectVersion = 48;
	objects = {

/* Begin PBXBuildFile section */
		1A43D8171F3822F8004A8C8A /* Auth.swift in Sources */ = {isa = PBXBuildFile; fileRef = 1A43D8131F3822F8004A8C8A /* Auth.swift */; };
		1A43D8181F3822F8004A8C8A /* Voip.proto.swift in Sources */ = {isa = PBXBuildFile; fileRef = 1A43D8141F3822F8004A8C8A /* Voip.proto.swift */; };
		1A43D8191F3822F8004A8C8A /* VoipBackend.swift in Sources */ = {isa = PBXBuildFile; fileRef = 1A43D8151F3822F8004A8C8A /* VoipBackend.swift */; };
		1A43D81A1F3822F8004A8C8A /* WireBackend.swift in Sources */ = {isa = PBXBuildFile; fileRef = 1A43D8161F3822F8004A8C8A /* WireBackend.swift */; };
		1A60E0021EA4039F00BECD73 /* Model.swift in Sources */ = {isa = PBXBuildFile; fileRef = 1A60E0011EA4039F00BECD73 /* Model.swift */; };
		1A709A441EEEF204003C2699 /* LoginViewController.swift in Sources */ = {isa = PBXBuildFile; fileRef = 1A709A431EEEF204003C2699 /* LoginViewController.swift */; };
		1A709A481EEF29EC003C2699 /* Crypto.swift in Sources */ = {isa = PBXBuildFile; fileRef = 1A709A451EEF29EC003C2699 /* Crypto.swift */; };
		1A709A491EEF29EC003C2699 /* EventBus.swift in Sources */ = {isa = PBXBuildFile; fileRef = 1A709A461EEF29EC003C2699 /* EventBus.swift */; };
		1A709A4A1EEF29EC003C2699 /* Network.swift in Sources */ = {isa = PBXBuildFile; fileRef = 1A709A471EEF29EC003C2699 /* Network.swift */; };
		1A709A4E1EEF8837003C2699 /* Wire.proto.swift in Sources */ = {isa = PBXBuildFile; fileRef = 1A709A4D1EEF8837003C2699 /* Wire.proto.swift */; };
		1AA0003B1EAD9A36006B9EE7 /* SplitViewController.swift in Sources */ = {isa = PBXBuildFile; fileRef = 1AA0003A1EAD9A36006B9EE7 /* SplitViewController.swift */; };
		1AB0620C1E8843E500A841D0 /* AppDelegate.swift in Sources */ = {isa = PBXBuildFile; fileRef = 1AB0620B1E8843E500A841D0 /* AppDelegate.swift */; };
		1AB0620E1E8843E500A841D0 /* MasterViewController.swift in Sources */ = {isa = PBXBuildFile; fileRef = 1AB0620D1E8843E500A841D0 /* MasterViewController.swift */; };
		1AB062101E8843E500A841D0 /* DetailViewController.swift in Sources */ = {isa = PBXBuildFile; fileRef = 1AB0620F1E8843E500A841D0 /* DetailViewController.swift */; };
		1AB062131E8843E600A841D0 /* Main.storyboard in Resources */ = {isa = PBXBuildFile; fileRef = 1AB062111E8843E600A841D0 /* Main.storyboard */; };
		1AB062151E8843E600A841D0 /* Assets.xcassets in Resources */ = {isa = PBXBuildFile; fileRef = 1AB062141E8843E600A841D0 /* Assets.xcassets */; };
		66C4B5946A64F209719F1358 /* Pods_Chat.framework in Frameworks */ = {isa = PBXBuildFile; fileRef = 0ACBFB437F9424A73A5B0830 /* Pods_Chat.framework */; };
		E5CD23511F3AB79200937C44 /* Audio.swift in Sources */ = {isa = PBXBuildFile; fileRef = E5CD23461F3AB79200937C44 /* Audio.swift */; };
		E5CD23521F3AB79200937C44 /* AudioDecoder.swift in Sources */ = {isa = PBXBuildFile; fileRef = E5CD23471F3AB79200937C44 /* AudioDecoder.swift */; };
		E5CD23531F3AB79200937C44 /* AudioInput.swift in Sources */ = {isa = PBXBuildFile; fileRef = E5CD23481F3AB79200937C44 /* AudioInput.swift */; };
		E5CD23541F3AB79200937C44 /* AudioOutput.swift in Sources */ = {isa = PBXBuildFile; fileRef = E5CD23491F3AB79200937C44 /* AudioOutput.swift */; };
		E5CD23551F3AB79200937C44 /* IO.swift in Sources */ = {isa = PBXBuildFile; fileRef = E5CD234A1F3AB79200937C44 /* IO.swift */; };
		E5CD23561F3AB79200937C44 /* IOBalancer.swift in Sources */ = {isa = PBXBuildFile; fileRef = E5CD234B1F3AB79200937C44 /* IOBalancer.swift */; };
		E5CD23571F3AB79200937C44 /* Video.swift in Sources */ = {isa = PBXBuildFile; fileRef = E5CD234C1F3AB79200937C44 /* Video.swift */; };
		E5CD23581F3AB79200937C44 /* VideoDecoderH264.swift in Sources */ = {isa = PBXBuildFile; fileRef = E5CD234D1F3AB79200937C44 /* VideoDecoderH264.swift */; };
		E5CD23591F3AB79200937C44 /* VideoEncoderH264.swift in Sources */ = {isa = PBXBuildFile; fileRef = E5CD234E1F3AB79200937C44 /* VideoEncoderH264.swift */; };
		E5CD235A1F3AB79200937C44 /* VideoInput.swift in Sources */ = {isa = PBXBuildFile; fileRef = E5CD234F1F3AB79200937C44 /* VideoInput.swift */; };
		E5CD235B1F3AB79200937C44 /* VideoOutput.swift in Sources */ = {isa = PBXBuildFile; fileRef = E5CD23501F3AB79200937C44 /* VideoOutput.swift */; };
		E5CD23751F3AB7A100937C44 /* AudioToolbox.swift in Sources */ = {isa = PBXBuildFile; fileRef = E5CD23681F3AB7A100937C44 /* AudioToolbox.swift */; };
		E5CD23761F3AB7A100937C44 /* AVFoundation.swift in Sources */ = {isa = PBXBuildFile; fileRef = E5CD23691F3AB7A100937C44 /* AVFoundation.swift */; };
		E5CD23771F3AB7A100937C44 /* CoreAudio.swift in Sources */ = {isa = PBXBuildFile; fileRef = E5CD236A1F3AB7A100937C44 /* CoreAudio.swift */; };
		E5CD23781F3AB7A100937C44 /* CoreMedia.swift in Sources */ = {isa = PBXBuildFile; fileRef = E5CD236B1F3AB7A100937C44 /* CoreMedia.swift */; };
		E5CD23791F3AB7A100937C44 /* Defs.swift in Sources */ = {isa = PBXBuildFile; fileRef = E5CD236C1F3AB7A100937C44 /* Defs.swift */; };
		E5CD237A1F3AB7A100937C44 /* Dispatch.swift in Sources */ = {isa = PBXBuildFile; fileRef = E5CD236D1F3AB7A100937C44 /* Dispatch.swift */; };
		E5CD237B1F3AB7A100937C44 /* Foundation.swift in Sources */ = {isa = PBXBuildFile; fileRef = E5CD236E1F3AB7A100937C44 /* Foundation.swift */; };
		E5CD237C1F3AB7A100937C44 /* Log.swift in Sources */ = {isa = PBXBuildFile; fileRef = E5CD236F1F3AB7A100937C44 /* Log.swift */; };
		E5CD237D1F3AB7A100937C44 /* Protobuf.swift in Sources */ = {isa = PBXBuildFile; fileRef = E5CD23701F3AB7A100937C44 /* Protobuf.swift */; };
		E5CD237E1F3AB7A100937C44 /* Serialization.swift in Sources */ = {isa = PBXBuildFile; fileRef = E5CD23711F3AB7A100937C44 /* Serialization.swift */; };
		E5CD237F1F3AB7A100937C44 /* System.swift in Sources */ = {isa = PBXBuildFile; fileRef = E5CD23721F3AB7A100937C44 /* System.swift */; };
		E5CD23801F3AB7A100937C44 /* Thread.swift in Sources */ = {isa = PBXBuildFile; fileRef = E5CD23731F3AB7A100937C44 /* Thread.swift */; };
		E5CD23811F3AB7A100937C44 /* UI.swift in Sources */ = {isa = PBXBuildFile; fileRef = E5CD23741F3AB7A100937C44 /* UI.swift */; };
		E5CD23931F3AB82A00937C44 /* NetworkAudio.swift in Sources */ = {isa = PBXBuildFile; fileRef = E5CD238E1F3AB82A00937C44 /* NetworkAudio.swift */; };
		E5CD23941F3AB82A00937C44 /* NetworkBalancer.swift in Sources */ = {isa = PBXBuildFile; fileRef = E5CD238F1F3AB82A00937C44 /* NetworkBalancer.swift */; };
		E5CD23951F3AB82A00937C44 /* NetworkBase.swift in Sources */ = {isa = PBXBuildFile; fileRef = E5CD23901F3AB82A00937C44 /* NetworkBase.swift */; };
		E5CD23961F3AB82A00937C44 /* NetworkCall.swift in Sources */ = {isa = PBXBuildFile; fileRef = E5CD23911F3AB82A00937C44 /* NetworkCall.swift */; };
		E5CD23971F3AB82A00937C44 /* NetworkH264.swift in Sources */ = {isa = PBXBuildFile; fileRef = E5CD23921F3AB82A00937C44 /* NetworkH264.swift */; };
		E5CD239A1F3AB8D900937C44 /* AV.swift in Sources */ = {isa = PBXBuildFile; fileRef = E5CD23981F3AB8D900937C44 /* AV.swift */; };
		E5CD239B1F3AB8D900937C44 /* Types.swift in Sources */ = {isa = PBXBuildFile; fileRef = E5CD23991F3AB8D900937C44 /* Types.swift */; };
		E5CD23A41F3ABFF000937C44 /* !AVFoundation.swift in Sources */ = {isa = PBXBuildFile; fileRef = E5CD23A11F3ABFF000937C44 /* !AVFoundation.swift */; };
		E5CD23A51F3ABFF000937C44 /* !Video.swift in Sources */ = {isa = PBXBuildFile; fileRef = E5CD23A21F3ABFF000937C44 /* !Video.swift */; };
		E5CD23A61F3ABFF000937C44 /* UIKit.swift in Sources */ = {isa = PBXBuildFile; fileRef = E5CD23A31F3ABFF000937C44 /* UIKit.swift */; };
		E5CD23AA1F3AC04A00937C44 /* ConversationCall.swift in Sources */ = {isa = PBXBuildFile; fileRef = E5CD23A71F3AC04A00937C44 /* ConversationCall.swift */; };
		E5CD23AB1F3AC04A00937C44 /* SettingsViewController.swift in Sources */ = {isa = PBXBuildFile; fileRef = E5CD23A81F3AC04A00937C44 /* SettingsViewController.swift */; };
		E5CD23AC1F3AC04A00937C44 /* VideoViewController.swift in Sources */ = {isa = PBXBuildFile; fileRef = E5CD23A91F3AC04A00937C44 /* VideoViewController.swift */; };
		E5CD23AE1F3AC09500937C44 /* OutgoingCallViewController.swift in Sources */ = {isa = PBXBuildFile; fileRef = E5CD23AD1F3AC09500937C44 /* OutgoingCallViewController.swift */; };
		E5CD23B01F3AC0DC00937C44 /* IncomingCallViewController.swift in Sources */ = {isa = PBXBuildFile; fileRef = E5CD23AF1F3AC0DC00937C44 /* IncomingCallViewController.swift */; };
		E5CD23B41F3AC16D00937C44 /* Application.swift in Sources */ = {isa = PBXBuildFile; fileRef = E5CD23B31F3AC16D00937C44 /* Application.swift */; };
/* End PBXBuildFile section */

/* Begin PBXFileReference section */
		0ACBFB437F9424A73A5B0830 /* Pods_Chat.framework */ = {isa = PBXFileReference; explicitFileType = wrapper.framework; includeInIndex = 0; path = Pods_Chat.framework; sourceTree = BUILT_PRODUCTS_DIR; };
		1A43D8131F3822F8004A8C8A /* Auth.swift */ = {isa = PBXFileReference; fileEncoding = 4; lastKnownFileType = sourcecode.swift; name = Auth.swift; path = ../../common/Auth.swift; sourceTree = "<group>"; };
		1A43D8141F3822F8004A8C8A /* Voip.proto.swift */ = {isa = PBXFileReference; fileEncoding = 4; lastKnownFileType = sourcecode.swift; name = Voip.proto.swift; path = ../../common/Voip.proto.swift; sourceTree = "<group>"; };
		1A43D8151F3822F8004A8C8A /* VoipBackend.swift */ = {isa = PBXFileReference; fileEncoding = 4; lastKnownFileType = sourcecode.swift; name = VoipBackend.swift; path = ../../common/VoipBackend.swift; sourceTree = "<group>"; };
		1A43D8161F3822F8004A8C8A /* WireBackend.swift */ = {isa = PBXFileReference; fileEncoding = 4; lastKnownFileType = sourcecode.swift; name = WireBackend.swift; path = ../../common/WireBackend.swift; sourceTree = "<group>"; };
		1A60E0011EA4039F00BECD73 /* Model.swift */ = {isa = PBXFileReference; fileEncoding = 4; lastKnownFileType = sourcecode.swift; name = Model.swift; path = ../../common/Model.swift; sourceTree = "<group>"; };
		1A709A431EEEF204003C2699 /* LoginViewController.swift */ = {isa = PBXFileReference; fileEncoding = 4; lastKnownFileType = sourcecode.swift; path = LoginViewController.swift; sourceTree = "<group>"; };
		1A709A451EEF29EC003C2699 /* Crypto.swift */ = {isa = PBXFileReference; fileEncoding = 4; lastKnownFileType = sourcecode.swift; name = Crypto.swift; path = ../../common/Crypto.swift; sourceTree = "<group>"; };
		1A709A461EEF29EC003C2699 /* EventBus.swift */ = {isa = PBXFileReference; fileEncoding = 4; lastKnownFileType = sourcecode.swift; name = EventBus.swift; path = ../../common/EventBus.swift; sourceTree = "<group>"; };
		1A709A471EEF29EC003C2699 /* Network.swift */ = {isa = PBXFileReference; fileEncoding = 4; lastKnownFileType = sourcecode.swift; name = Network.swift; path = ../../common/Network.swift; sourceTree = "<group>"; };
		1A709A4D1EEF8837003C2699 /* Wire.proto.swift */ = {isa = PBXFileReference; fileEncoding = 4; lastKnownFileType = sourcecode.swift; name = Wire.proto.swift; path = ../../common/Wire.proto.swift; sourceTree = "<group>"; };
		1AA0003A1EAD9A36006B9EE7 /* SplitViewController.swift */ = {isa = PBXFileReference; fileEncoding = 4; lastKnownFileType = sourcecode.swift; path = SplitViewController.swift; sourceTree = "<group>"; };
		1AA386E41F04B02900F18D93 /* BridgingHeader.h */ = {isa = PBXFileReference; lastKnownFileType = sourcecode.c.h; name = BridgingHeader.h; path = ../../common/BridgingHeader.h; sourceTree = "<group>"; };
		1AB062081E8843E500A841D0 /* Chat.app */ = {isa = PBXFileReference; explicitFileType = wrapper.application; includeInIndex = 0; path = Chat.app; sourceTree = BUILT_PRODUCTS_DIR; };
		1AB0620B1E8843E500A841D0 /* AppDelegate.swift */ = {isa = PBXFileReference; lastKnownFileType = sourcecode.swift; path = AppDelegate.swift; sourceTree = "<group>"; };
		1AB0620D1E8843E500A841D0 /* MasterViewController.swift */ = {isa = PBXFileReference; lastKnownFileType = sourcecode.swift; path = MasterViewController.swift; sourceTree = "<group>"; };
		1AB0620F1E8843E500A841D0 /* DetailViewController.swift */ = {isa = PBXFileReference; lastKnownFileType = sourcecode.swift; path = DetailViewController.swift; sourceTree = "<group>"; };
		1AB062121E8843E600A841D0 /* Base */ = {isa = PBXFileReference; lastKnownFileType = file.storyboard; name = Base; path = Base.lproj/Main.storyboard; sourceTree = "<group>"; };
		1AB062141E8843E600A841D0 /* Assets.xcassets */ = {isa = PBXFileReference; lastKnownFileType = folder.assetcatalog; path = Assets.xcassets; sourceTree = "<group>"; };
		1AB062191E8843E600A841D0 /* Info.plist */ = {isa = PBXFileReference; lastKnownFileType = text.plist.xml; path = Info.plist; sourceTree = "<group>"; };
		C5A48039D30C2E9ECC041BE6 /* Pods-Chat.release.xcconfig */ = {isa = PBXFileReference; includeInIndex = 1; lastKnownFileType = text.xcconfig; name = "Pods-Chat.release.xcconfig"; path = "Pods/Target Support Files/Pods-Chat/Pods-Chat.release.xcconfig"; sourceTree = "<group>"; };
		E5CD23461F3AB79200937C44 /* Audio.swift */ = {isa = PBXFileReference; fileEncoding = 4; lastKnownFileType = sourcecode.swift; path = Audio.swift; sourceTree = "<group>"; };
		E5CD23471F3AB79200937C44 /* AudioDecoder.swift */ = {isa = PBXFileReference; fileEncoding = 4; lastKnownFileType = sourcecode.swift; path = AudioDecoder.swift; sourceTree = "<group>"; };
		E5CD23481F3AB79200937C44 /* AudioInput.swift */ = {isa = PBXFileReference; fileEncoding = 4; lastKnownFileType = sourcecode.swift; path = AudioInput.swift; sourceTree = "<group>"; };
		E5CD23491F3AB79200937C44 /* AudioOutput.swift */ = {isa = PBXFileReference; fileEncoding = 4; lastKnownFileType = sourcecode.swift; path = AudioOutput.swift; sourceTree = "<group>"; };
		E5CD234A1F3AB79200937C44 /* IO.swift */ = {isa = PBXFileReference; fileEncoding = 4; lastKnownFileType = sourcecode.swift; path = IO.swift; sourceTree = "<group>"; };
		E5CD234B1F3AB79200937C44 /* IOBalancer.swift */ = {isa = PBXFileReference; fileEncoding = 4; lastKnownFileType = sourcecode.swift; path = IOBalancer.swift; sourceTree = "<group>"; };
		E5CD234C1F3AB79200937C44 /* Video.swift */ = {isa = PBXFileReference; fileEncoding = 4; lastKnownFileType = sourcecode.swift; path = Video.swift; sourceTree = "<group>"; };
		E5CD234D1F3AB79200937C44 /* VideoDecoderH264.swift */ = {isa = PBXFileReference; fileEncoding = 4; lastKnownFileType = sourcecode.swift; path = VideoDecoderH264.swift; sourceTree = "<group>"; };
		E5CD234E1F3AB79200937C44 /* VideoEncoderH264.swift */ = {isa = PBXFileReference; fileEncoding = 4; lastKnownFileType = sourcecode.swift; path = VideoEncoderH264.swift; sourceTree = "<group>"; };
		E5CD234F1F3AB79200937C44 /* VideoInput.swift */ = {isa = PBXFileReference; fileEncoding = 4; lastKnownFileType = sourcecode.swift; path = VideoInput.swift; sourceTree = "<group>"; };
		E5CD23501F3AB79200937C44 /* VideoOutput.swift */ = {isa = PBXFileReference; fileEncoding = 4; lastKnownFileType = sourcecode.swift; path = VideoOutput.swift; sourceTree = "<group>"; };
		E5CD23681F3AB7A100937C44 /* AudioToolbox.swift */ = {isa = PBXFileReference; fileEncoding = 4; lastKnownFileType = sourcecode.swift; path = AudioToolbox.swift; sourceTree = "<group>"; };
		E5CD23691F3AB7A100937C44 /* AVFoundation.swift */ = {isa = PBXFileReference; fileEncoding = 4; lastKnownFileType = sourcecode.swift; path = AVFoundation.swift; sourceTree = "<group>"; };
		E5CD236A1F3AB7A100937C44 /* CoreAudio.swift */ = {isa = PBXFileReference; fileEncoding = 4; lastKnownFileType = sourcecode.swift; path = CoreAudio.swift; sourceTree = "<group>"; };
		E5CD236B1F3AB7A100937C44 /* CoreMedia.swift */ = {isa = PBXFileReference; fileEncoding = 4; lastKnownFileType = sourcecode.swift; path = CoreMedia.swift; sourceTree = "<group>"; };
		E5CD236C1F3AB7A100937C44 /* Defs.swift */ = {isa = PBXFileReference; fileEncoding = 4; lastKnownFileType = sourcecode.swift; path = Defs.swift; sourceTree = "<group>"; };
		E5CD236D1F3AB7A100937C44 /* Dispatch.swift */ = {isa = PBXFileReference; fileEncoding = 4; lastKnownFileType = sourcecode.swift; path = Dispatch.swift; sourceTree = "<group>"; };
		E5CD236E1F3AB7A100937C44 /* Foundation.swift */ = {isa = PBXFileReference; fileEncoding = 4; lastKnownFileType = sourcecode.swift; path = Foundation.swift; sourceTree = "<group>"; };
		E5CD236F1F3AB7A100937C44 /* Log.swift */ = {isa = PBXFileReference; fileEncoding = 4; lastKnownFileType = sourcecode.swift; path = Log.swift; sourceTree = "<group>"; };
		E5CD23701F3AB7A100937C44 /* Protobuf.swift */ = {isa = PBXFileReference; fileEncoding = 4; lastKnownFileType = sourcecode.swift; path = Protobuf.swift; sourceTree = "<group>"; };
		E5CD23711F3AB7A100937C44 /* Serialization.swift */ = {isa = PBXFileReference; fileEncoding = 4; lastKnownFileType = sourcecode.swift; path = Serialization.swift; sourceTree = "<group>"; };
		E5CD23721F3AB7A100937C44 /* System.swift */ = {isa = PBXFileReference; fileEncoding = 4; lastKnownFileType = sourcecode.swift; path = System.swift; sourceTree = "<group>"; };
		E5CD23731F3AB7A100937C44 /* Thread.swift */ = {isa = PBXFileReference; fileEncoding = 4; lastKnownFileType = sourcecode.swift; path = Thread.swift; sourceTree = "<group>"; };
		E5CD23741F3AB7A100937C44 /* UI.swift */ = {isa = PBXFileReference; fileEncoding = 4; lastKnownFileType = sourcecode.swift; path = UI.swift; sourceTree = "<group>"; };
		E5CD238E1F3AB82A00937C44 /* NetworkAudio.swift */ = {isa = PBXFileReference; fileEncoding = 4; lastKnownFileType = sourcecode.swift; path = NetworkAudio.swift; sourceTree = "<group>"; };
		E5CD238F1F3AB82A00937C44 /* NetworkBalancer.swift */ = {isa = PBXFileReference; fileEncoding = 4; lastKnownFileType = sourcecode.swift; path = NetworkBalancer.swift; sourceTree = "<group>"; };
		E5CD23901F3AB82A00937C44 /* NetworkBase.swift */ = {isa = PBXFileReference; fileEncoding = 4; lastKnownFileType = sourcecode.swift; path = NetworkBase.swift; sourceTree = "<group>"; };
		E5CD23911F3AB82A00937C44 /* NetworkCall.swift */ = {isa = PBXFileReference; fileEncoding = 4; lastKnownFileType = sourcecode.swift; path = NetworkCall.swift; sourceTree = "<group>"; };
		E5CD23921F3AB82A00937C44 /* NetworkH264.swift */ = {isa = PBXFileReference; fileEncoding = 4; lastKnownFileType = sourcecode.swift; path = NetworkH264.swift; sourceTree = "<group>"; };
		E5CD23981F3AB8D900937C44 /* AV.swift */ = {isa = PBXFileReference; fileEncoding = 4; lastKnownFileType = sourcecode.swift; name = AV.swift; path = ../../common/AV.swift; sourceTree = "<group>"; };
		E5CD23991F3AB8D900937C44 /* Types.swift */ = {isa = PBXFileReference; fileEncoding = 4; lastKnownFileType = sourcecode.swift; name = Types.swift; path = ../../common/Types.swift; sourceTree = "<group>"; };
		E5CD23A11F3ABFF000937C44 /* !AVFoundation.swift */ = {isa = PBXFileReference; fileEncoding = 4; lastKnownFileType = sourcecode.swift; path = "!AVFoundation.swift"; sourceTree = "<group>"; };
		E5CD23A21F3ABFF000937C44 /* !Video.swift */ = {isa = PBXFileReference; fileEncoding = 4; lastKnownFileType = sourcecode.swift; path = "!Video.swift"; sourceTree = "<group>"; };
		E5CD23A31F3ABFF000937C44 /* UIKit.swift */ = {isa = PBXFileReference; fileEncoding = 4; lastKnownFileType = sourcecode.swift; path = UIKit.swift; sourceTree = "<group>"; };
		E5CD23A71F3AC04A00937C44 /* ConversationCall.swift */ = {isa = PBXFileReference; fileEncoding = 4; lastKnownFileType = sourcecode.swift; path = ConversationCall.swift; sourceTree = "<group>"; };
		E5CD23A81F3AC04A00937C44 /* SettingsViewController.swift */ = {isa = PBXFileReference; fileEncoding = 4; lastKnownFileType = sourcecode.swift; path = SettingsViewController.swift; sourceTree = "<group>"; };
		E5CD23A91F3AC04A00937C44 /* VideoViewController.swift */ = {isa = PBXFileReference; fileEncoding = 4; lastKnownFileType = sourcecode.swift; path = VideoViewController.swift; sourceTree = "<group>"; };
		E5CD23AD1F3AC09500937C44 /* OutgoingCallViewController.swift */ = {isa = PBXFileReference; fileEncoding = 4; lastKnownFileType = sourcecode.swift; path = OutgoingCallViewController.swift; sourceTree = "<group>"; };
		E5CD23AF1F3AC0DC00937C44 /* IncomingCallViewController.swift */ = {isa = PBXFileReference; fileEncoding = 4; lastKnownFileType = sourcecode.swift; path = IncomingCallViewController.swift; sourceTree = "<group>"; };
		E5CD23B31F3AC16D00937C44 /* Application.swift */ = {isa = PBXFileReference; fileEncoding = 4; lastKnownFileType = sourcecode.swift; name = Application.swift; path = ../../common/Application.swift; sourceTree = "<group>"; };
		F1950861D287C0179BA10F15 /* Pods-Chat.debug.xcconfig */ = {isa = PBXFileReference; includeInIndex = 1; lastKnownFileType = text.xcconfig; name = "Pods-Chat.debug.xcconfig"; path = "Pods/Target Support Files/Pods-Chat/Pods-Chat.debug.xcconfig"; sourceTree = "<group>"; };
/* End PBXFileReference section */

/* Begin PBXFrameworksBuildPhase section */
		1AB062051E8843E500A841D0 /* Frameworks */ = {
			isa = PBXFrameworksBuildPhase;
			buildActionMask = 2147483647;
			files = (
				66C4B5946A64F209719F1358 /* Pods_Chat.framework in Frameworks */,
			);
			runOnlyForDeploymentPostprocessing = 0;
		};
/* End PBXFrameworksBuildPhase section */

/* Begin PBXGroup section */
		0C77C729FA3A62CBB1C5806F /* Frameworks */ = {
			isa = PBXGroup;
			children = (
				0ACBFB437F9424A73A5B0830 /* Pods_Chat.framework */,
			);
			name = Frameworks;
			sourceTree = "<group>";
		};
		10970B2652D55D6ED5EBCB31 /* Pods */ = {
			isa = PBXGroup;
			children = (
				F1950861D287C0179BA10F15 /* Pods-Chat.debug.xcconfig */,
				C5A48039D30C2E9ECC041BE6 /* Pods-Chat.release.xcconfig */,
			);
			name = Pods;
			sourceTree = "<group>";
		};
		1A709A421EEEF10A003C2699 /* UI */ = {
			isa = PBXGroup;
			children = (
				E5CD23A01F3ABFF000937C44 /* Utils */,
				1AB062141E8843E600A841D0 /* Assets.xcassets */,
				1AB062111E8843E600A841D0 /* Main.storyboard */,
				E5CD23AF1F3AC0DC00937C44 /* IncomingCallViewController.swift */,
				E5CD23AD1F3AC09500937C44 /* OutgoingCallViewController.swift */,
				E5CD23A71F3AC04A00937C44 /* ConversationCall.swift */,
				E5CD23A81F3AC04A00937C44 /* SettingsViewController.swift */,
				E5CD23A91F3AC04A00937C44 /* VideoViewController.swift */,
				1AB0620F1E8843E500A841D0 /* DetailViewController.swift */,
				1A709A431EEEF204003C2699 /* LoginViewController.swift */,
				1AB0620D1E8843E500A841D0 /* MasterViewController.swift */,
				1AA0003A1EAD9A36006B9EE7 /* SplitViewController.swift */,
			);
			name = UI;
			sourceTree = "<group>";
		};
		1A709A4B1EEF29F8003C2699 /* Common */ = {
			isa = PBXGroup;
			children = (
				E5CD238D1F3AB82A00937C44 /* Network */,
				E5CD23671F3AB7A100937C44 /* Utils */,
				E5CD23451F3AB79200937C44 /* IO */,
				1AA386E41F04B02900F18D93 /* BridgingHeader.h */,
				E5CD23B31F3AC16D00937C44 /* Application.swift */,
				1A709A451EEF29EC003C2699 /* Crypto.swift */,
				1A709A461EEF29EC003C2699 /* EventBus.swift */,
				1A60E0011EA4039F00BECD73 /* Model.swift */,
				1A709A471EEF29EC003C2699 /* Network.swift */,
				1A43D8131F3822F8004A8C8A /* Auth.swift */,
				1A43D8141F3822F8004A8C8A /* Voip.proto.swift */,
				1A43D8151F3822F8004A8C8A /* VoipBackend.swift */,
				1A43D8161F3822F8004A8C8A /* WireBackend.swift */,
				1A709A4D1EEF8837003C2699 /* Wire.proto.swift */,
				E5CD23981F3AB8D900937C44 /* AV.swift */,
				E5CD23991F3AB8D900937C44 /* Types.swift */,
			);
			name = Common;
			sourceTree = "<group>";
		};
		1AB061FF1E8843E500A841D0 = {
			isa = PBXGroup;
			children = (
				1AB0620A1E8843E500A841D0 /* Chat */,
				1AB062091E8843E500A841D0 /* Products */,
				10970B2652D55D6ED5EBCB31 /* Pods */,
				0C77C729FA3A62CBB1C5806F /* Frameworks */,
			);
			sourceTree = "<group>";
		};
		1AB062091E8843E500A841D0 /* Products */ = {
			isa = PBXGroup;
			children = (
				1AB062081E8843E500A841D0 /* Chat.app */,
			);
			name = Products;
			sourceTree = "<group>";
		};
		1AB0620A1E8843E500A841D0 /* Chat */ = {
			isa = PBXGroup;
			children = (
				1AB0620B1E8843E500A841D0 /* AppDelegate.swift */,
				1A709A4B1EEF29F8003C2699 /* Common */,
				1A709A421EEEF10A003C2699 /* UI */,
				1AB062191E8843E600A841D0 /* Info.plist */,
			);
			path = Chat;
			sourceTree = "<group>";
		};
		E5CD23451F3AB79200937C44 /* IO */ = {
			isa = PBXGroup;
			children = (
				E5CD23461F3AB79200937C44 /* Audio.swift */,
				E5CD23471F3AB79200937C44 /* AudioDecoder.swift */,
				E5CD23481F3AB79200937C44 /* AudioInput.swift */,
				E5CD23491F3AB79200937C44 /* AudioOutput.swift */,
				E5CD234A1F3AB79200937C44 /* IO.swift */,
				E5CD234B1F3AB79200937C44 /* IOBalancer.swift */,
				E5CD234C1F3AB79200937C44 /* Video.swift */,
				E5CD234D1F3AB79200937C44 /* VideoDecoderH264.swift */,
				E5CD234E1F3AB79200937C44 /* VideoEncoderH264.swift */,
				E5CD234F1F3AB79200937C44 /* VideoInput.swift */,
				E5CD23501F3AB79200937C44 /* VideoOutput.swift */,
			);
			name = IO;
			path = ../../common/IO;
			sourceTree = "<group>";
		};
		E5CD23671F3AB7A100937C44 /* Utils */ = {
			isa = PBXGroup;
			children = (
				E5CD23681F3AB7A100937C44 /* AudioToolbox.swift */,
				E5CD23691F3AB7A100937C44 /* AVFoundation.swift */,
				E5CD236A1F3AB7A100937C44 /* CoreAudio.swift */,
				E5CD236B1F3AB7A100937C44 /* CoreMedia.swift */,
				E5CD236C1F3AB7A100937C44 /* Defs.swift */,
				E5CD236D1F3AB7A100937C44 /* Dispatch.swift */,
				E5CD236E1F3AB7A100937C44 /* Foundation.swift */,
				E5CD236F1F3AB7A100937C44 /* Log.swift */,
				E5CD23701F3AB7A100937C44 /* Protobuf.swift */,
				E5CD23711F3AB7A100937C44 /* Serialization.swift */,
				E5CD23721F3AB7A100937C44 /* System.swift */,
				E5CD23731F3AB7A100937C44 /* Thread.swift */,
				E5CD23741F3AB7A100937C44 /* UI.swift */,
			);
			name = Utils;
			path = ../../common/Utils;
			sourceTree = "<group>";
		};
		E5CD238D1F3AB82A00937C44 /* Network */ = {
			isa = PBXGroup;
			children = (
				E5CD238E1F3AB82A00937C44 /* NetworkAudio.swift */,
				E5CD238F1F3AB82A00937C44 /* NetworkBalancer.swift */,
				E5CD23901F3AB82A00937C44 /* NetworkBase.swift */,
				E5CD23911F3AB82A00937C44 /* NetworkCall.swift */,
				E5CD23921F3AB82A00937C44 /* NetworkH264.swift */,
			);
			name = Network;
			path = ../../common/Network;
			sourceTree = "<group>";
		};
		E5CD23A01F3ABFF000937C44 /* Utils */ = {
			isa = PBXGroup;
			children = (
				E5CD23A11F3ABFF000937C44 /* !AVFoundation.swift */,
				E5CD23A21F3ABFF000937C44 /* !Video.swift */,
				E5CD23A31F3ABFF000937C44 /* UIKit.swift */,
			);
			path = Utils;
			sourceTree = "<group>";
		};
/* End PBXGroup section */

/* Begin PBXNativeTarget section */
		1AB062071E8843E500A841D0 /* Chat */ = {
			isa = PBXNativeTarget;
			buildConfigurationList = 1AB0621C1E8843E600A841D0 /* Build configuration list for PBXNativeTarget "Chat" */;
			buildPhases = (
				26CC1B3D0D07D02348D9D216 /* [CP] Check Pods Manifest.lock */,
				1AB062041E8843E500A841D0 /* Sources */,
				1AB062051E8843E500A841D0 /* Frameworks */,
				1AB062061E8843E500A841D0 /* Resources */,
				578A0DFDBD2EF911B4B47A00 /* [CP] Embed Pods Frameworks */,
				8644C625C0B0F3C66F513796 /* [CP] Copy Pods Resources */,
			);
			buildRules = (
			);
			dependencies = (
			);
			name = Chat;
			productName = Chat;
			productReference = 1AB062081E8843E500A841D0 /* Chat.app */;
			productType = "com.apple.product-type.application";
		};
/* End PBXNativeTarget section */

/* Begin PBXProject section */
		1AB062001E8843E500A841D0 /* Project object */ = {
			isa = PBXProject;
			attributes = {
				LastSwiftUpdateCheck = 0820;
				LastUpgradeCheck = 0900;
				ORGANIZATIONNAME = ys1382;
				TargetAttributes = {
					1AB062071E8843E500A841D0 = {
						CreatedOnToolsVersion = 8.2.1;
						LastSwiftMigration = 0900;
						ProvisioningStyle = Automatic;
					};
				};
			};
			buildConfigurationList = 1AB062031E8843E500A841D0 /* Build configuration list for PBXProject "Chat" */;
			compatibilityVersion = "Xcode 8.0";
			developmentRegion = English;
			hasScannedForEncodings = 0;
			knownRegions = (
				en,
				Base,
			);
			mainGroup = 1AB061FF1E8843E500A841D0;
			productRefGroup = 1AB062091E8843E500A841D0 /* Products */;
			projectDirPath = "";
			projectRoot = "";
			targets = (
				1AB062071E8843E500A841D0 /* Chat */,
			);
		};
/* End PBXProject section */

/* Begin PBXResourcesBuildPhase section */
		1AB062061E8843E500A841D0 /* Resources */ = {
			isa = PBXResourcesBuildPhase;
			buildActionMask = 2147483647;
			files = (
				1AB062151E8843E600A841D0 /* Assets.xcassets in Resources */,
				1AB062131E8843E600A841D0 /* Main.storyboard in Resources */,
			);
			runOnlyForDeploymentPostprocessing = 0;
		};
/* End PBXResourcesBuildPhase section */

/* Begin PBXShellScriptBuildPhase section */
		26CC1B3D0D07D02348D9D216 /* [CP] Check Pods Manifest.lock */ = {
			isa = PBXShellScriptBuildPhase;
			buildActionMask = 2147483647;
			files = (
			);
			inputPaths = (
			);
			name = "[CP] Check Pods Manifest.lock";
			outputPaths = (
			);
			runOnlyForDeploymentPostprocessing = 0;
			shellPath = /bin/sh;
			shellScript = "diff \"${PODS_PODFILE_DIR_PATH}/Podfile.lock\" \"${PODS_ROOT}/Manifest.lock\" > /dev/null\nif [ $? != 0 ] ; then\n    # print error to STDERR\n    echo \"error: The sandbox is not in sync with the Podfile.lock. Run 'pod install' or update your CocoaPods installation.\" >&2\n    exit 1\nfi\n";
			showEnvVarsInLog = 0;
		};
		578A0DFDBD2EF911B4B47A00 /* [CP] Embed Pods Frameworks */ = {
			isa = PBXShellScriptBuildPhase;
			buildActionMask = 2147483647;
			files = (
			);
			inputPaths = (
			);
			name = "[CP] Embed Pods Frameworks";
			outputPaths = (
			);
			runOnlyForDeploymentPostprocessing = 0;
			shellPath = /bin/sh;
			shellScript = "\"${SRCROOT}/Pods/Target Support Files/Pods-Chat/Pods-Chat-frameworks.sh\"\n";
			showEnvVarsInLog = 0;
		};
		8644C625C0B0F3C66F513796 /* [CP] Copy Pods Resources */ = {
			isa = PBXShellScriptBuildPhase;
			buildActionMask = 2147483647;
			files = (
			);
			inputPaths = (
			);
			name = "[CP] Copy Pods Resources";
			outputPaths = (
			);
			runOnlyForDeploymentPostprocessing = 0;
			shellPath = /bin/sh;
			shellScript = "\"${SRCROOT}/Pods/Target Support Files/Pods-Chat/Pods-Chat-resources.sh\"\n";
			showEnvVarsInLog = 0;
		};
/* End PBXShellScriptBuildPhase section */

/* Begin PBXSourcesBuildPhase section */
		1AB062041E8843E500A841D0 /* Sources */ = {
			isa = PBXSourcesBuildPhase;
			buildActionMask = 2147483647;
			files = (
				1A709A491EEF29EC003C2699 /* EventBus.swift in Sources */,
				1A43D81A1F3822F8004A8C8A /* WireBackend.swift in Sources */,
				E5CD23941F3AB82A00937C44 /* NetworkBalancer.swift in Sources */,
				E5CD23931F3AB82A00937C44 /* NetworkAudio.swift in Sources */,
				E5CD23811F3AB7A100937C44 /* UI.swift in Sources */,
				E5CD235A1F3AB79200937C44 /* VideoInput.swift in Sources */,
				E5CD23A51F3ABFF000937C44 /* !Video.swift in Sources */,
				E5CD23AA1F3AC04A00937C44 /* ConversationCall.swift in Sources */,
				E5CD23AC1F3AC04A00937C44 /* VideoViewController.swift in Sources */,
				E5CD239A1F3AB8D900937C44 /* AV.swift in Sources */,
				1AA0003B1EAD9A36006B9EE7 /* SplitViewController.swift in Sources */,
				E5CD23561F3AB79200937C44 /* IOBalancer.swift in Sources */,
				1AB062101E8843E500A841D0 /* DetailViewController.swift in Sources */,
				1A43D8181F3822F8004A8C8A /* Voip.proto.swift in Sources */,
				E5CD237A1F3AB7A100937C44 /* Dispatch.swift in Sources */,
				E5CD23521F3AB79200937C44 /* AudioDecoder.swift in Sources */,
				E5CD23A41F3ABFF000937C44 /* !AVFoundation.swift in Sources */,
				E5CD23771F3AB7A100937C44 /* CoreAudio.swift in Sources */,
				1A709A481EEF29EC003C2699 /* Crypto.swift in Sources */,
				1A43D8191F3822F8004A8C8A /* VoipBackend.swift in Sources */,
				E5CD237C1F3AB7A100937C44 /* Log.swift in Sources */,
				1A709A4A1EEF29EC003C2699 /* Network.swift in Sources */,
				1A709A4E1EEF8837003C2699 /* Wire.proto.swift in Sources */,
				E5CD23751F3AB7A100937C44 /* AudioToolbox.swift in Sources */,
				E5CD23B01F3AC0DC00937C44 /* IncomingCallViewController.swift in Sources */,
				E5CD23AE1F3AC09500937C44 /* OutgoingCallViewController.swift in Sources */,
				E5CD23971F3AB82A00937C44 /* NetworkH264.swift in Sources */,
				E5CD23591F3AB79200937C44 /* VideoEncoderH264.swift in Sources */,
				E5CD23951F3AB82A00937C44 /* NetworkBase.swift in Sources */,
				E5CD23801F3AB7A100937C44 /* Thread.swift in Sources */,
				E5CD237F1F3AB7A100937C44 /* System.swift in Sources */,
				E5CD23511F3AB79200937C44 /* Audio.swift in Sources */,
				E5CD23A61F3ABFF000937C44 /* UIKit.swift in Sources */,
				1A43D8171F3822F8004A8C8A /* Auth.swift in Sources */,
				1AB0620E1E8843E500A841D0 /* MasterViewController.swift in Sources */,
				E5CD23541F3AB79200937C44 /* AudioOutput.swift in Sources */,
				E5CD23B41F3AC16D00937C44 /* Application.swift in Sources */,
				E5CD23AB1F3AC04A00937C44 /* SettingsViewController.swift in Sources */,
				E5CD237B1F3AB7A100937C44 /* Foundation.swift in Sources */,
				E5CD23961F3AB82A00937C44 /* NetworkCall.swift in Sources */,
				E5CD23531F3AB79200937C44 /* AudioInput.swift in Sources */,
				E5CD23791F3AB7A100937C44 /* Defs.swift in Sources */,
				E5CD239B1F3AB8D900937C44 /* Types.swift in Sources */,
				1A709A441EEEF204003C2699 /* LoginViewController.swift in Sources */,
				E5CD237E1F3AB7A100937C44 /* Serialization.swift in Sources */,
				1A60E0021EA4039F00BECD73 /* Model.swift in Sources */,
				E5CD23551F3AB79200937C44 /* IO.swift in Sources */,
				E5CD23571F3AB79200937C44 /* Video.swift in Sources */,
				E5CD23761F3AB7A100937C44 /* AVFoundation.swift in Sources */,
				E5CD237D1F3AB7A100937C44 /* Protobuf.swift in Sources */,
				E5CD23581F3AB79200937C44 /* VideoDecoderH264.swift in Sources */,
				E5CD235B1F3AB79200937C44 /* VideoOutput.swift in Sources */,
				E5CD23781F3AB7A100937C44 /* CoreMedia.swift in Sources */,
				1AB0620C1E8843E500A841D0 /* AppDelegate.swift in Sources */,
			);
			runOnlyForDeploymentPostprocessing = 0;
		};
/* End PBXSourcesBuildPhase section */

/* Begin PBXVariantGroup section */
		1AB062111E8843E600A841D0 /* Main.storyboard */ = {
			isa = PBXVariantGroup;
			children = (
				1AB062121E8843E600A841D0 /* Base */,
			);
			name = Main.storyboard;
			sourceTree = "<group>";
		};
/* End PBXVariantGroup section */

/* Begin XCBuildConfiguration section */
		1AB0621A1E8843E600A841D0 /* Debug */ = {
			isa = XCBuildConfiguration;
			buildSettings = {
				ALWAYS_SEARCH_USER_PATHS = NO;
				CLANG_ANALYZER_NONNULL = YES;
				CLANG_CXX_LANGUAGE_STANDARD = "gnu++0x";
				CLANG_CXX_LIBRARY = "libc++";
				CLANG_ENABLE_MODULES = YES;
				CLANG_ENABLE_OBJC_ARC = YES;
				CLANG_WARN_BLOCK_CAPTURE_AUTORELEASING = YES;
				CLANG_WARN_BOOL_CONVERSION = YES;
				CLANG_WARN_COMMA = YES;
				CLANG_WARN_CONSTANT_CONVERSION = YES;
				CLANG_WARN_DIRECT_OBJC_ISA_USAGE = YES_ERROR;
				CLANG_WARN_DOCUMENTATION_COMMENTS = YES;
				CLANG_WARN_EMPTY_BODY = YES;
				CLANG_WARN_ENUM_CONVERSION = YES;
				CLANG_WARN_INFINITE_RECURSION = YES;
				CLANG_WARN_INT_CONVERSION = YES;
				CLANG_WARN_NON_LITERAL_NULL_CONVERSION = YES;
				CLANG_WARN_OBJC_LITERAL_CONVERSION = YES;
				CLANG_WARN_OBJC_ROOT_CLASS = YES_ERROR;
				CLANG_WARN_RANGE_LOOP_ANALYSIS = YES;
				CLANG_WARN_STRICT_PROTOTYPES = YES;
				CLANG_WARN_SUSPICIOUS_MOVE = YES;
				CLANG_WARN_UNREACHABLE_CODE = YES;
				CLANG_WARN__DUPLICATE_METHOD_MATCH = YES;
				"CODE_SIGN_IDENTITY[sdk=iphoneos*]" = "iPhone Developer";
				COPY_PHASE_STRIP = NO;
				DEBUG_INFORMATION_FORMAT = dwarf;
				ENABLE_STRICT_OBJC_MSGSEND = YES;
				ENABLE_TESTABILITY = YES;
				GCC_C_LANGUAGE_STANDARD = gnu99;
				GCC_DYNAMIC_NO_PIC = NO;
				GCC_NO_COMMON_BLOCKS = YES;
				GCC_OPTIMIZATION_LEVEL = 0;
				GCC_PREPROCESSOR_DEFINITIONS = (
					"DEBUG=1",
					"$(inherited)",
				);
				GCC_WARN_64_TO_32_BIT_CONVERSION = YES;
				GCC_WARN_ABOUT_RETURN_TYPE = YES_ERROR;
				GCC_WARN_UNDECLARED_SELECTOR = YES;
				GCC_WARN_UNINITIALIZED_AUTOS = YES_AGGRESSIVE;
				GCC_WARN_UNUSED_FUNCTION = YES;
				GCC_WARN_UNUSED_VARIABLE = YES;
				IPHONEOS_DEPLOYMENT_TARGET = 10.3;
				MTL_ENABLE_DEBUG_INFO = YES;
				ONLY_ACTIVE_ARCH = YES;
				SDKROOT = iphoneos;
				SWIFT_ACTIVE_COMPILATION_CONDITIONS = DEBUG;
				"SWIFT_OBJC_BRIDGING_HEADER[arch=*]" = ../common/BridgingHeader.h;
				SWIFT_OPTIMIZATION_LEVEL = "-Onone";
				TARGETED_DEVICE_FAMILY = "1,2";
			};
			name = Debug;
		};
		1AB0621B1E8843E600A841D0 /* Release */ = {
			isa = XCBuildConfiguration;
			buildSettings = {
				ALWAYS_SEARCH_USER_PATHS = NO;
				CLANG_ANALYZER_NONNULL = YES;
				CLANG_CXX_LANGUAGE_STANDARD = "gnu++0x";
				CLANG_CXX_LIBRARY = "libc++";
				CLANG_ENABLE_MODULES = YES;
				CLANG_ENABLE_OBJC_ARC = YES;
				CLANG_WARN_BLOCK_CAPTURE_AUTORELEASING = YES;
				CLANG_WARN_BOOL_CONVERSION = YES;
				CLANG_WARN_COMMA = YES;
				CLANG_WARN_CONSTANT_CONVERSION = YES;
				CLANG_WARN_DIRECT_OBJC_ISA_USAGE = YES_ERROR;
				CLANG_WARN_DOCUMENTATION_COMMENTS = YES;
				CLANG_WARN_EMPTY_BODY = YES;
				CLANG_WARN_ENUM_CONVERSION = YES;
				CLANG_WARN_INFINITE_RECURSION = YES;
				CLANG_WARN_INT_CONVERSION = YES;
				CLANG_WARN_NON_LITERAL_NULL_CONVERSION = YES;
				CLANG_WARN_OBJC_LITERAL_CONVERSION = YES;
				CLANG_WARN_OBJC_ROOT_CLASS = YES_ERROR;
				CLANG_WARN_RANGE_LOOP_ANALYSIS = YES;
				CLANG_WARN_STRICT_PROTOTYPES = YES;
				CLANG_WARN_SUSPICIOUS_MOVE = YES;
				CLANG_WARN_UNREACHABLE_CODE = YES;
				CLANG_WARN__DUPLICATE_METHOD_MATCH = YES;
				"CODE_SIGN_IDENTITY[sdk=iphoneos*]" = "iPhone Developer";
				COPY_PHASE_STRIP = NO;
				DEBUG_INFORMATION_FORMAT = "dwarf-with-dsym";
				ENABLE_NS_ASSERTIONS = NO;
				ENABLE_STRICT_OBJC_MSGSEND = YES;
				GCC_C_LANGUAGE_STANDARD = gnu99;
				GCC_NO_COMMON_BLOCKS = YES;
				GCC_WARN_64_TO_32_BIT_CONVERSION = YES;
				GCC_WARN_ABOUT_RETURN_TYPE = YES_ERROR;
				GCC_WARN_UNDECLARED_SELECTOR = YES;
				GCC_WARN_UNINITIALIZED_AUTOS = YES_AGGRESSIVE;
				GCC_WARN_UNUSED_FUNCTION = YES;
				GCC_WARN_UNUSED_VARIABLE = YES;
				IPHONEOS_DEPLOYMENT_TARGET = 10.3;
				MTL_ENABLE_DEBUG_INFO = NO;
				SDKROOT = iphoneos;
				"SWIFT_OBJC_BRIDGING_HEADER[arch=*]" = ../common/BridgingHeader.h;
				SWIFT_OPTIMIZATION_LEVEL = "-Owholemodule";
				TARGETED_DEVICE_FAMILY = "1,2";
				VALIDATE_PRODUCT = YES;
			};
			name = Release;
		};
		1AB0621D1E8843E600A841D0 /* Debug */ = {
			isa = XCBuildConfiguration;
			baseConfigurationReference = F1950861D287C0179BA10F15 /* Pods-Chat.debug.xcconfig */;
			buildSettings = {
				ALWAYS_EMBED_SWIFT_STANDARD_LIBRARIES = "$(inherited)";
				ASSETCATALOG_COMPILER_APPICON_NAME = AppIcon;
				CLANG_ENABLE_MODULES = YES;
				CLANG_WARN_DOCUMENTATION_COMMENTS = NO;
				"CODE_SIGN_IDENTITY[sdk=iphoneos*]" = "iPhone Developer";
				DEVELOPMENT_TEAM = 5KH4V6747U;
				INFOPLIST_FILE = Chat/Info.plist;
				LD_RUNPATH_SEARCH_PATHS = "$(inherited) @executable_path/Frameworks";
				PRODUCT_BUNDLE_IDENTIFIER = ys1382.Chat;
				PRODUCT_NAME = "$(TARGET_NAME)";
				PROVISIONING_PROFILE_SPECIFIER = "";
				"SWIFT_OBJC_BRIDGING_HEADER[arch=*]" = ../common/BridgingHeader.h;
				SWIFT_OPTIMIZATION_LEVEL = "-Onone";
				SWIFT_SWIFT3_OBJC_INFERENCE = On;
				SWIFT_VERSION = 3.0;
			};
			name = Debug;
		};
		1AB0621E1E8843E600A841D0 /* Release */ = {
			isa = XCBuildConfiguration;
			baseConfigurationReference = C5A48039D30C2E9ECC041BE6 /* Pods-Chat.release.xcconfig */;
			buildSettings = {
				ALWAYS_EMBED_SWIFT_STANDARD_LIBRARIES = "$(inherited)";
				ASSETCATALOG_COMPILER_APPICON_NAME = AppIcon;
				CLANG_ENABLE_MODULES = YES;
				CLANG_WARN_DOCUMENTATION_COMMENTS = NO;
				"CODE_SIGN_IDENTITY[sdk=iphoneos*]" = "iPhone Developer";
				DEVELOPMENT_TEAM = 5KH4V6747U;
				INFOPLIST_FILE = Chat/Info.plist;
				LD_RUNPATH_SEARCH_PATHS = "$(inherited) @executable_path/Frameworks";
				PRODUCT_BUNDLE_IDENTIFIER = ys1382.Chat;
				PRODUCT_NAME = "$(TARGET_NAME)";
				PROVISIONING_PROFILE_SPECIFIER = "";
				"SWIFT_OBJC_BRIDGING_HEADER[arch=*]" = ../common/BridgingHeader.h;
				SWIFT_SWIFT3_OBJC_INFERENCE = On;
				SWIFT_VERSION = 3.0;
			};
			name = Release;
		};
/* End XCBuildConfiguration section */

/* Begin XCConfigurationList section */
		1AB062031E8843E500A841D0 /* Build configuration list for PBXProject "Chat" */ = {
			isa = XCConfigurationList;
			buildConfigurations = (
				1AB0621A1E8843E600A841D0 /* Debug */,
				1AB0621B1E8843E600A841D0 /* Release */,
			);
			defaultConfigurationIsVisible = 0;
			defaultConfigurationName = Release;
		};
		1AB0621C1E8843E600A841D0 /* Build configuration list for PBXNativeTarget "Chat" */ = {
			isa = XCConfigurationList;
			buildConfigurations = (
				1AB0621D1E8843E600A841D0 /* Debug */,
				1AB0621E1E8843E600A841D0 /* Release */,
			);
			defaultConfigurationIsVisible = 0;
			defaultConfigurationName = Release;
		};
/* End XCConfigurationList section */
	};
	rootObject = 1AB062001E8843E500A841D0 /* Project object */;
}
