// !$*UTF8*$!
{
	archiveVersion = 1;
	classes = {
	};
	objectVersion = 48;
	objects = {

/* Begin PBXBuildFile section */
		1A60DFF81EA30FEA00BECD73 /* Backend.swift in Sources */ = {isa = PBXBuildFile; fileRef = 1A60DFF61EA30FEA00BECD73 /* Backend.swift */; };
		1A60E0021EA4039F00BECD73 /* Model.swift in Sources */ = {isa = PBXBuildFile; fileRef = 1A60E0011EA4039F00BECD73 /* Model.swift */; };
		1A709A441EEEF204003C2699 /* LoginViewController.swift in Sources */ = {isa = PBXBuildFile; fileRef = 1A709A431EEEF204003C2699 /* LoginViewController.swift */; };
		1A709A481EEF29EC003C2699 /* Crypto.swift in Sources */ = {isa = PBXBuildFile; fileRef = 1A709A451EEF29EC003C2699 /* Crypto.swift */; };
		1A709A491EEF29EC003C2699 /* EventBus.swift in Sources */ = {isa = PBXBuildFile; fileRef = 1A709A461EEF29EC003C2699 /* EventBus.swift */; };
		1A709A4A1EEF29EC003C2699 /* Network.swift in Sources */ = {isa = PBXBuildFile; fileRef = 1A709A471EEF29EC003C2699 /* Network.swift */; };
		1A709A4E1EEF8837003C2699 /* Wire.proto.swift in Sources */ = {isa = PBXBuildFile; fileRef = 1A709A4D1EEF8837003C2699 /* Wire.proto.swift */; };
		1AA0003B1EAD9A36006B9EE7 /* SplitViewController.swift in Sources */ = {isa = PBXBuildFile; fileRef = 1AA0003A1EAD9A36006B9EE7 /* SplitViewController.swift */; };
		1AB0620C1E8843E500A841D0 /* AppDelegate.swift in Sources */ = {isa = PBXBuildFile; fileRef = 1AB0620B1E8843E500A841D0 /* AppDelegate.swift */; };
		1AB0620E1E8843E500A841D0 /* MasterViewController.swift in Sources */ = {isa = PBXBuildFile; fileRef = 1AB0620D1E8843E500A841D0 /* MasterViewController.swift */; };
		1AB062101E8843E500A841D0 /* DetailViewController.swift in Sources */ = {isa = PBXBuildFile; fileRef = 1AB0620F1E8843E500A841D0 /* DetailViewController.swift */; };
		1AB062131E8843E600A841D0 /* Main.storyboard in Resources */ = {isa = PBXBuildFile; fileRef = 1AB062111E8843E600A841D0 /* Main.storyboard */; };
		1AB062151E8843E600A841D0 /* Assets.xcassets in Resources */ = {isa = PBXBuildFile; fileRef = 1AB062141E8843E600A841D0 /* Assets.xcassets */; };
		66C4B5946A64F209719F1358 /* Pods_Chat.framework in Frameworks */ = {isa = PBXBuildFile; fileRef = 0ACBFB437F9424A73A5B0830 /* Pods_Chat.framework */; };
/* End PBXBuildFile section */

/* Begin PBXFileReference section */
		0ACBFB437F9424A73A5B0830 /* Pods_Chat.framework */ = {isa = PBXFileReference; explicitFileType = wrapper.framework; includeInIndex = 0; path = Pods_Chat.framework; sourceTree = BUILT_PRODUCTS_DIR; };
		1A60DFF61EA30FEA00BECD73 /* Backend.swift */ = {isa = PBXFileReference; fileEncoding = 4; lastKnownFileType = sourcecode.swift; name = Backend.swift; path = ../../common/Backend.swift; sourceTree = "<group>"; };
		1A60E0011EA4039F00BECD73 /* Model.swift */ = {isa = PBXFileReference; fileEncoding = 4; lastKnownFileType = sourcecode.swift; name = Model.swift; path = ../../common/Model.swift; sourceTree = "<group>"; };
		1A709A431EEEF204003C2699 /* LoginViewController.swift */ = {isa = PBXFileReference; fileEncoding = 4; lastKnownFileType = sourcecode.swift; path = LoginViewController.swift; sourceTree = "<group>"; };
		1A709A451EEF29EC003C2699 /* Crypto.swift */ = {isa = PBXFileReference; fileEncoding = 4; lastKnownFileType = sourcecode.swift; name = Crypto.swift; path = ../../common/Crypto.swift; sourceTree = "<group>"; };
		1A709A461EEF29EC003C2699 /* EventBus.swift */ = {isa = PBXFileReference; fileEncoding = 4; lastKnownFileType = sourcecode.swift; name = EventBus.swift; path = ../../common/EventBus.swift; sourceTree = "<group>"; };
		1A709A471EEF29EC003C2699 /* Network.swift */ = {isa = PBXFileReference; fileEncoding = 4; lastKnownFileType = sourcecode.swift; name = Network.swift; path = ../../common/Network.swift; sourceTree = "<group>"; };
		1A709A4D1EEF8837003C2699 /* Wire.proto.swift */ = {isa = PBXFileReference; fileEncoding = 4; lastKnownFileType = sourcecode.swift; name = Wire.proto.swift; path = ../../common/Wire.proto.swift; sourceTree = "<group>"; };
		1AA0003A1EAD9A36006B9EE7 /* SplitViewController.swift */ = {isa = PBXFileReference; fileEncoding = 4; lastKnownFileType = sourcecode.swift; path = SplitViewController.swift; sourceTree = "<group>"; };
		1AB062081E8843E500A841D0 /* Chat.app */ = {isa = PBXFileReference; explicitFileType = wrapper.application; includeInIndex = 0; path = Chat.app; sourceTree = BUILT_PRODUCTS_DIR; };
		1AB0620B1E8843E500A841D0 /* AppDelegate.swift */ = {isa = PBXFileReference; lastKnownFileType = sourcecode.swift; path = AppDelegate.swift; sourceTree = "<group>"; };
		1AB0620D1E8843E500A841D0 /* MasterViewController.swift */ = {isa = PBXFileReference; lastKnownFileType = sourcecode.swift; path = MasterViewController.swift; sourceTree = "<group>"; };
		1AB0620F1E8843E500A841D0 /* DetailViewController.swift */ = {isa = PBXFileReference; lastKnownFileType = sourcecode.swift; path = DetailViewController.swift; sourceTree = "<group>"; };
		1AB062121E8843E600A841D0 /* Base */ = {isa = PBXFileReference; lastKnownFileType = file.storyboard; name = Base; path = Base.lproj/Main.storyboard; sourceTree = "<group>"; };
		1AB062141E8843E600A841D0 /* Assets.xcassets */ = {isa = PBXFileReference; lastKnownFileType = folder.assetcatalog; path = Assets.xcassets; sourceTree = "<group>"; };
		1AB062191E8843E600A841D0 /* Info.plist */ = {isa = PBXFileReference; lastKnownFileType = text.plist.xml; path = Info.plist; sourceTree = "<group>"; };
		C5A48039D30C2E9ECC041BE6 /* Pods-Chat.release.xcconfig */ = {isa = PBXFileReference; includeInIndex = 1; lastKnownFileType = text.xcconfig; name = "Pods-Chat.release.xcconfig"; path = "Pods/Target Support Files/Pods-Chat/Pods-Chat.release.xcconfig"; sourceTree = "<group>"; };
		F1950861D287C0179BA10F15 /* Pods-Chat.debug.xcconfig */ = {isa = PBXFileReference; includeInIndex = 1; lastKnownFileType = text.xcconfig; name = "Pods-Chat.debug.xcconfig"; path = "Pods/Target Support Files/Pods-Chat/Pods-Chat.debug.xcconfig"; sourceTree = "<group>"; };
/* End PBXFileReference section */

/* Begin PBXFrameworksBuildPhase section */
		1AB062051E8843E500A841D0 /* Frameworks */ = {
			isa = PBXFrameworksBuildPhase;
			buildActionMask = 2147483647;
			files = (
				66C4B5946A64F209719F1358 /* Pods_Chat.framework in Frameworks */,
			);
			runOnlyForDeploymentPostprocessing = 0;
		};
/* End PBXFrameworksBuildPhase section */

/* Begin PBXGroup section */
		0C77C729FA3A62CBB1C5806F /* Frameworks */ = {
			isa = PBXGroup;
			children = (
				0ACBFB437F9424A73A5B0830 /* Pods_Chat.framework */,
			);
			name = Frameworks;
			sourceTree = "<group>";
		};
		10970B2652D55D6ED5EBCB31 /* Pods */ = {
			isa = PBXGroup;
			children = (
				F1950861D287C0179BA10F15 /* Pods-Chat.debug.xcconfig */,
				C5A48039D30C2E9ECC041BE6 /* Pods-Chat.release.xcconfig */,
			);
			name = Pods;
			sourceTree = "<group>";
		};
		1A709A421EEEF10A003C2699 /* UI */ = {
			isa = PBXGroup;
			children = (
				1AB062141E8843E600A841D0 /* Assets.xcassets */,
				1AB062111E8843E600A841D0 /* Main.storyboard */,
				1AB0620F1E8843E500A841D0 /* DetailViewController.swift */,
				1A709A431EEEF204003C2699 /* LoginViewController.swift */,
				1AB0620D1E8843E500A841D0 /* MasterViewController.swift */,
				1AA0003A1EAD9A36006B9EE7 /* SplitViewController.swift */,
			);
			name = UI;
			sourceTree = "<group>";
		};
		1A709A4B1EEF29F8003C2699 /* Common */ = {
			isa = PBXGroup;
			children = (
				1A709A451EEF29EC003C2699 /* Crypto.swift */,
				1A709A461EEF29EC003C2699 /* EventBus.swift */,
				1A709A471EEF29EC003C2699 /* Network.swift */,
				1A60DFF61EA30FEA00BECD73 /* Backend.swift */,
				1A60E0011EA4039F00BECD73 /* Model.swift */,
				1A709A4D1EEF8837003C2699 /* Wire.proto.swift */,
			);
			name = Common;
			sourceTree = "<group>";
		};
		1AB061FF1E8843E500A841D0 = {
			isa = PBXGroup;
			children = (
				1AB0620A1E8843E500A841D0 /* Chat */,
				1AB062091E8843E500A841D0 /* Products */,
				10970B2652D55D6ED5EBCB31 /* Pods */,
				0C77C729FA3A62CBB1C5806F /* Frameworks */,
			);
			sourceTree = "<group>";
		};
		1AB062091E8843E500A841D0 /* Products */ = {
			isa = PBXGroup;
			children = (
				1AB062081E8843E500A841D0 /* Chat.app */,
			);
			name = Products;
			sourceTree = "<group>";
		};
		1AB0620A1E8843E500A841D0 /* Chat */ = {
			isa = PBXGroup;
			children = (
				1AB0620B1E8843E500A841D0 /* AppDelegate.swift */,
				1A709A4B1EEF29F8003C2699 /* Common */,
				1A709A421EEEF10A003C2699 /* UI */,
				1AB062191E8843E600A841D0 /* Info.plist */,
			);
			path = Chat;
			sourceTree = "<group>";
		};
/* End PBXGroup section */

/* Begin PBXNativeTarget section */
		1AB062071E8843E500A841D0 /* Chat */ = {
			isa = PBXNativeTarget;
			buildConfigurationList = 1AB0621C1E8843E600A841D0 /* Build configuration list for PBXNativeTarget "Chat" */;
			buildPhases = (
				26CC1B3D0D07D02348D9D216 /* [CP] Check Pods Manifest.lock */,
				1AB062041E8843E500A841D0 /* Sources */,
				1AB062051E8843E500A841D0 /* Frameworks */,
				1AB062061E8843E500A841D0 /* Resources */,
				578A0DFDBD2EF911B4B47A00 /* [CP] Embed Pods Frameworks */,
				8644C625C0B0F3C66F513796 /* [CP] Copy Pods Resources */,
			);
			buildRules = (
			);
			dependencies = (
			);
			name = Chat;
			productName = Chat;
			productReference = 1AB062081E8843E500A841D0 /* Chat.app */;
			productType = "com.apple.product-type.application";
		};
/* End PBXNativeTarget section */

/* Begin PBXProject section */
		1AB062001E8843E500A841D0 /* Project object */ = {
			isa = PBXProject;
			attributes = {
				LastSwiftUpdateCheck = 0820;
				LastUpgradeCheck = 0830;
				ORGANIZATIONNAME = ys1382;
				TargetAttributes = {
					1AB062071E8843E500A841D0 = {
						CreatedOnToolsVersion = 8.2.1;
						LastSwiftMigration = 0830;
						ProvisioningStyle = Manual;
					};
				};
			};
			buildConfigurationList = 1AB062031E8843E500A841D0 /* Build configuration list for PBXProject "Chat" */;
			compatibilityVersion = "Xcode 8.0";
			developmentRegion = English;
			hasScannedForEncodings = 0;
			knownRegions = (
				en,
				Base,
			);
			mainGroup = 1AB061FF1E8843E500A841D0;
			productRefGroup = 1AB062091E8843E500A841D0 /* Products */;
			projectDirPath = "";
			projectRoot = "";
			targets = (
				1AB062071E8843E500A841D0 /* Chat */,
			);
		};
/* End PBXProject section */

/* Begin PBXResourcesBuildPhase section */
		1AB062061E8843E500A841D0 /* Resources */ = {
			isa = PBXResourcesBuildPhase;
			buildActionMask = 2147483647;
			files = (
				1AB062151E8843E600A841D0 /* Assets.xcassets in Resources */,
				1AB062131E8843E600A841D0 /* Main.storyboard in Resources */,
			);
			runOnlyForDeploymentPostprocessing = 0;
		};
/* End PBXResourcesBuildPhase section */

/* Begin PBXShellScriptBuildPhase section */
		26CC1B3D0D07D02348D9D216 /* [CP] Check Pods Manifest.lock */ = {
			isa = PBXShellScriptBuildPhase;
			buildActionMask = 2147483647;
			files = (
			);
			inputPaths = (
			);
			name = "[CP] Check Pods Manifest.lock";
			outputPaths = (
			);
			runOnlyForDeploymentPostprocessing = 0;
			shellPath = /bin/sh;
			shellScript = "diff \"${PODS_PODFILE_DIR_PATH}/Podfile.lock\" \"${PODS_ROOT}/Manifest.lock\" > /dev/null\nif [ $? != 0 ] ; then\n    # print error to STDERR\n    echo \"error: The sandbox is not in sync with the Podfile.lock. Run 'pod install' or update your CocoaPods installation.\" >&2\n    exit 1\nfi\n";
			showEnvVarsInLog = 0;
		};
		578A0DFDBD2EF911B4B47A00 /* [CP] Embed Pods Frameworks */ = {
			isa = PBXShellScriptBuildPhase;
			buildActionMask = 2147483647;
			files = (
			);
			inputPaths = (
			);
			name = "[CP] Embed Pods Frameworks";
			outputPaths = (
			);
			runOnlyForDeploymentPostprocessing = 0;
			shellPath = /bin/sh;
			shellScript = "\"${SRCROOT}/Pods/Target Support Files/Pods-Chat/Pods-Chat-frameworks.sh\"\n";
			showEnvVarsInLog = 0;
		};
		8644C625C0B0F3C66F513796 /* [CP] Copy Pods Resources */ = {
			isa = PBXShellScriptBuildPhase;
			buildActionMask = 2147483647;
			files = (
			);
			inputPaths = (
			);
			name = "[CP] Copy Pods Resources";
			outputPaths = (
			);
			runOnlyForDeploymentPostprocessing = 0;
			shellPath = /bin/sh;
			shellScript = "\"${SRCROOT}/Pods/Target Support Files/Pods-Chat/Pods-Chat-resources.sh\"\n";
			showEnvVarsInLog = 0;
		};
/* End PBXShellScriptBuildPhase section */

/* Begin PBXSourcesBuildPhase section */
		1AB062041E8843E500A841D0 /* Sources */ = {
			isa = PBXSourcesBuildPhase;
			buildActionMask = 2147483647;
			files = (
				1A60DFF81EA30FEA00BECD73 /* Backend.swift in Sources */,
				1A709A491EEF29EC003C2699 /* EventBus.swift in Sources */,
				1AA0003B1EAD9A36006B9EE7 /* SplitViewController.swift in Sources */,
				1AB062101E8843E500A841D0 /* DetailViewController.swift in Sources */,
				1A709A481EEF29EC003C2699 /* Crypto.swift in Sources */,
				1A709A4A1EEF29EC003C2699 /* Network.swift in Sources */,
				1A709A4E1EEF8837003C2699 /* Wire.proto.swift in Sources */,
				1AB0620E1E8843E500A841D0 /* MasterViewController.swift in Sources */,
				1A709A441EEEF204003C2699 /* LoginViewController.swift in Sources */,
				1A60E0021EA4039F00BECD73 /* Model.swift in Sources */,
				1AB0620C1E8843E500A841D0 /* AppDelegate.swift in Sources */,
			);
			runOnlyForDeploymentPostprocessing = 0;
		};
/* End PBXSourcesBuildPhase section */

/* Begin PBXVariantGroup section */
		1AB062111E8843E600A841D0 /* Main.storyboard */ = {
			isa = PBXVariantGroup;
			children = (
				1AB062121E8843E600A841D0 /* Base */,
			);
			name = Main.storyboard;
			sourceTree = "<group>";
		};
/* End PBXVariantGroup section */

/* Begin XCBuildConfiguration section */
		1AB0621A1E8843E600A841D0 /* Debug */ = {
			isa = XCBuildConfiguration;
			buildSettings = {
				ALWAYS_SEARCH_USER_PATHS = NO;
				CLANG_ANALYZER_NONNULL = YES;
				CLANG_CXX_LANGUAGE_STANDARD = "gnu++0x";
				CLANG_CXX_LIBRARY = "libc++";
				CLANG_ENABLE_MODULES = YES;
				CLANG_ENABLE_OBJC_ARC = YES;
				CLANG_WARN_BOOL_CONVERSION = YES;
				CLANG_WARN_CONSTANT_CONVERSION = YES;
				CLANG_WARN_DIRECT_OBJC_ISA_USAGE = YES_ERROR;
				CLANG_WARN_DOCUMENTATION_COMMENTS = YES;
				CLANG_WARN_EMPTY_BODY = YES;
				CLANG_WARN_ENUM_CONVERSION = YES;
				CLANG_WARN_INFINITE_RECURSION = YES;
				CLANG_WARN_INT_CONVERSION = YES;
				CLANG_WARN_OBJC_ROOT_CLASS = YES_ERROR;
				CLANG_WARN_SUSPICIOUS_MOVE = YES;
				CLANG_WARN_UNREACHABLE_CODE = YES;
				CLANG_WARN__DUPLICATE_METHOD_MATCH = YES;
				"CODE_SIGN_IDENTITY[sdk=iphoneos*]" = "iPhone Developer";
				COPY_PHASE_STRIP = NO;
				DEBUG_INFORMATION_FORMAT = dwarf;
				ENABLE_STRICT_OBJC_MSGSEND = YES;
				ENABLE_TESTABILITY = YES;
				GCC_C_LANGUAGE_STANDARD = gnu99;
				GCC_DYNAMIC_NO_PIC = NO;
				GCC_NO_COMMON_BLOCKS = YES;
				GCC_OPTIMIZATION_LEVEL = 0;
				GCC_PREPROCESSOR_DEFINITIONS = (
					"DEBUG=1",
					"$(inherited)",
				);
				GCC_WARN_64_TO_32_BIT_CONVERSION = YES;
				GCC_WARN_ABOUT_RETURN_TYPE = YES_ERROR;
				GCC_WARN_UNDECLARED_SELECTOR = YES;
				GCC_WARN_UNINITIALIZED_AUTOS = YES_AGGRESSIVE;
				GCC_WARN_UNUSED_FUNCTION = YES;
				GCC_WARN_UNUSED_VARIABLE = YES;
				IPHONEOS_DEPLOYMENT_TARGET = 10.3;
				MTL_ENABLE_DEBUG_INFO = YES;
				ONLY_ACTIVE_ARCH = YES;
				SDKROOT = iphoneos;
				SWIFT_ACTIVE_COMPILATION_CONDITIONS = DEBUG;
				SWIFT_OPTIMIZATION_LEVEL = "-Onone";
				TARGETED_DEVICE_FAMILY = "1,2";
			};
			name = Debug;
		};
		1AB0621B1E8843E600A841D0 /* Release */ = {
			isa = XCBuildConfiguration;
			buildSettings = {
				ALWAYS_SEARCH_USER_PATHS = NO;
				CLANG_ANALYZER_NONNULL = YES;
				CLANG_CXX_LANGUAGE_STANDARD = "gnu++0x";
				CLANG_CXX_LIBRARY = "libc++";
				CLANG_ENABLE_MODULES = YES;
				CLANG_ENABLE_OBJC_ARC = YES;
				CLANG_WARN_BOOL_CONVERSION = YES;
				CLANG_WARN_CONSTANT_CONVERSION = YES;
				CLANG_WARN_DIRECT_OBJC_ISA_USAGE = YES_ERROR;
				CLANG_WARN_DOCUMENTATION_COMMENTS = YES;
				CLANG_WARN_EMPTY_BODY = YES;
				CLANG_WARN_ENUM_CONVERSION = YES;
				CLANG_WARN_INFINITE_RECURSION = YES;
				CLANG_WARN_INT_CONVERSION = YES;
				CLANG_WARN_OBJC_ROOT_CLASS = YES_ERROR;
				CLANG_WARN_SUSPICIOUS_MOVE = YES;
				CLANG_WARN_UNREACHABLE_CODE = YES;
				CLANG_WARN__DUPLICATE_METHOD_MATCH = YES;
				"CODE_SIGN_IDENTITY[sdk=iphoneos*]" = "iPhone Developer";
				COPY_PHASE_STRIP = NO;
				DEBUG_INFORMATION_FORMAT = "dwarf-with-dsym";
				ENABLE_NS_ASSERTIONS = NO;
				ENABLE_STRICT_OBJC_MSGSEND = YES;
				GCC_C_LANGUAGE_STANDARD = gnu99;
				GCC_NO_COMMON_BLOCKS = YES;
				GCC_WARN_64_TO_32_BIT_CONVERSION = YES;
				GCC_WARN_ABOUT_RETURN_TYPE = YES_ERROR;
				GCC_WARN_UNDECLARED_SELECTOR = YES;
				GCC_WARN_UNINITIALIZED_AUTOS = YES_AGGRESSIVE;
				GCC_WARN_UNUSED_FUNCTION = YES;
				GCC_WARN_UNUSED_VARIABLE = YES;
				IPHONEOS_DEPLOYMENT_TARGET = 10.3;
				MTL_ENABLE_DEBUG_INFO = NO;
				SDKROOT = iphoneos;
				SWIFT_OPTIMIZATION_LEVEL = "-Owholemodule";
				TARGETED_DEVICE_FAMILY = "1,2";
				VALIDATE_PRODUCT = YES;
			};
			name = Release;
		};
		1AB0621D1E8843E600A841D0 /* Debug */ = {
			isa = XCBuildConfiguration;
			baseConfigurationReference = F1950861D287C0179BA10F15 /* Pods-Chat.debug.xcconfig */;
			buildSettings = {
				ALWAYS_EMBED_SWIFT_STANDARD_LIBRARIES = "$(inherited)";
				ASSETCATALOG_COMPILER_APPICON_NAME = AppIcon;
				CLANG_ENABLE_MODULES = YES;
				DEVELOPMENT_TEAM = "";
				INFOPLIST_FILE = Chat/Info.plist;
				LD_RUNPATH_SEARCH_PATHS = "$(inherited) @executable_path/Frameworks";
				PRODUCT_BUNDLE_IDENTIFIER = ys1382.Chat;
				PRODUCT_NAME = "$(TARGET_NAME)";
				SWIFT_OBJC_BRIDGING_HEADER = "";
				SWIFT_OPTIMIZATION_LEVEL = "-Onone";
				SWIFT_VERSION = 3.0;
			};
			name = Debug;
		};
		1AB0621E1E8843E600A841D0 /* Release */ = {
			isa = XCBuildConfiguration;
			baseConfigurationReference = C5A48039D30C2E9ECC041BE6 /* Pods-Chat.release.xcconfig */;
			buildSettings = {
				ALWAYS_EMBED_SWIFT_STANDARD_LIBRARIES = "$(inherited)";
				ASSETCATALOG_COMPILER_APPICON_NAME = AppIcon;
				CLANG_ENABLE_MODULES = YES;
				DEVELOPMENT_TEAM = "";
				INFOPLIST_FILE = Chat/Info.plist;
				LD_RUNPATH_SEARCH_PATHS = "$(inherited) @executable_path/Frameworks";
				PRODUCT_BUNDLE_IDENTIFIER = ys1382.Chat;
				PRODUCT_NAME = "$(TARGET_NAME)";
				SWIFT_OBJC_BRIDGING_HEADER = "";
				SWIFT_VERSION = 3.0;
			};
			name = Release;
		};
/* End XCBuildConfiguration section */

/* Begin XCConfigurationList section */
		1AB062031E8843E500A841D0 /* Build configuration list for PBXProject "Chat" */ = {
			isa = XCConfigurationList;
			buildConfigurations = (
				1AB0621A1E8843E600A841D0 /* Debug */,
				1AB0621B1E8843E600A841D0 /* Release */,
			);
			defaultConfigurationIsVisible = 0;
			defaultConfigurationName = Release;
		};
		1AB0621C1E8843E600A841D0 /* Build configuration list for PBXNativeTarget "Chat" */ = {
			isa = XCConfigurationList;
			buildConfigurations = (
				1AB0621D1E8843E600A841D0 /* Debug */,
				1AB0621E1E8843E600A841D0 /* Release */,
			);
			defaultConfigurationIsVisible = 0;
			defaultConfigurationName = Release;
		};
/* End XCConfigurationList section */
	};
	rootObject = 1AB062001E8843E500A841D0 /* Project object */;
}
